// !$*UTF8*$!
{
	archiveVersion = 1;
	classes = {
	};
	objectVersion = 55;
	objects = {

/* Begin PBXBuildFile section */
		9F110D3128BFB051000079DF /* AppDelegate.swift in Sources */ = {isa = PBXBuildFile; fileRef = 9F110D3028BFB051000079DF /* AppDelegate.swift */; };
		9F110D3328BFB051000079DF /* SceneDelegate.swift in Sources */ = {isa = PBXBuildFile; fileRef = 9F110D3228BFB051000079DF /* SceneDelegate.swift */; };
		9F110D3528BFB051000079DF /* ViewController.swift in Sources */ = {isa = PBXBuildFile; fileRef = 9F110D3428BFB051000079DF /* ViewController.swift */; };
		9F110D3828BFB051000079DF /* Main.storyboard in Resources */ = {isa = PBXBuildFile; fileRef = 9F110D3628BFB051000079DF /* Main.storyboard */; };
		9F110D3A28BFB053000079DF /* Assets.xcassets in Resources */ = {isa = PBXBuildFile; fileRef = 9F110D3928BFB053000079DF /* Assets.xcassets */; };
		9F110D3D28BFB053000079DF /* LaunchScreen.storyboard in Resources */ = {isa = PBXBuildFile; fileRef = 9F110D3B28BFB053000079DF /* LaunchScreen.storyboard */; };
		9F110D4828BFB053000079DF /* Interface_LabTests.swift in Sources */ = {isa = PBXBuildFile; fileRef = 9F110D4728BFB053000079DF /* Interface_LabTests.swift */; };
		9F110D5228BFB053000079DF /* Interface_LabUITests.swift in Sources */ = {isa = PBXBuildFile; fileRef = 9F110D5128BFB053000079DF /* Interface_LabUITests.swift */; };
		9F110D5428BFB053000079DF /* Interface_LabUITestsLaunchTests.swift in Sources */ = {isa = PBXBuildFile; fileRef = 9F110D5328BFB053000079DF /* Interface_LabUITestsLaunchTests.swift */; };
/* End PBXBuildFile section */

/* Begin PBXContainerItemProxy section */
		9F110D4428BFB053000079DF /* PBXContainerItemProxy */ = {
			isa = PBXContainerItemProxy;
			containerPortal = 9F110D2528BFB051000079DF /* Project object */;
			proxyType = 1;
			remoteGlobalIDString = 9F110D2C28BFB051000079DF;
			remoteInfo = "Interface Lab";
		};
		9F110D4E28BFB053000079DF /* PBXContainerItemProxy */ = {
			isa = PBXContainerItemProxy;
			containerPortal = 9F110D2528BFB051000079DF /* Project object */;
			proxyType = 1;
			remoteGlobalIDString = 9F110D2C28BFB051000079DF;
			remoteInfo = "Interface Lab";
		};
/* End PBXContainerItemProxy section */

/* Begin PBXFileReference section */
		9F110D2D28BFB051000079DF /* Interface Lab.app */ = {isa = PBXFileReference; explicitFileType = wrapper.application; includeInIndex = 0; path = "Interface Lab.app"; sourceTree = BUILT_PRODUCTS_DIR; };
		9F110D3028BFB051000079DF /* AppDelegate.swift */ = {isa = PBXFileReference; lastKnownFileType = sourcecode.swift; path = AppDelegate.swift; sourceTree = "<group>"; };
		9F110D3228BFB051000079DF /* SceneDelegate.swift */ = {isa = PBXFileReference; lastKnownFileType = sourcecode.swift; path = SceneDelegate.swift; sourceTree = "<group>"; };
		9F110D3428BFB051000079DF /* ViewController.swift */ = {isa = PBXFileReference; lastKnownFileType = sourcecode.swift; path = ViewController.swift; sourceTree = "<group>"; };
		9F110D3728BFB051000079DF /* Base */ = {isa = PBXFileReference; lastKnownFileType = file.storyboard; name = Base; path = Base.lproj/Main.storyboard; sourceTree = "<group>"; };
		9F110D3928BFB053000079DF /* Assets.xcassets */ = {isa = PBXFileReference; lastKnownFileType = folder.assetcatalog; path = Assets.xcassets; sourceTree = "<group>"; };
		9F110D3C28BFB053000079DF /* Base */ = {isa = PBXFileReference; lastKnownFileType = file.storyboard; name = Base; path = Base.lproj/LaunchScreen.storyboard; sourceTree = "<group>"; };
		9F110D3E28BFB053000079DF /* Info.plist */ = {isa = PBXFileReference; lastKnownFileType = text.plist.xml; path = Info.plist; sourceTree = "<group>"; };
		9F110D4328BFB053000079DF /* Interface LabTests.xctest */ = {isa = PBXFileReference; explicitFileType = wrapper.cfbundle; includeInIndex = 0; path = "Interface LabTests.xctest"; sourceTree = BUILT_PRODUCTS_DIR; };
		9F110D4728BFB053000079DF /* Interface_LabTests.swift */ = {isa = PBXFileReference; lastKnownFileType = sourcecode.swift; path = Interface_LabTests.swift; sourceTree = "<group>"; };
		9F110D4D28BFB053000079DF /* Interface LabUITests.xctest */ = {isa = PBXFileReference; explicitFileType = wrapper.cfbundle; includeInIndex = 0; path = "Interface LabUITests.xctest"; sourceTree = BUILT_PRODUCTS_DIR; };
		9F110D5128BFB053000079DF /* Interface_LabUITests.swift */ = {isa = PBXFileReference; lastKnownFileType = sourcecode.swift; path = Interface_LabUITests.swift; sourceTree = "<group>"; };
		9F110D5328BFB053000079DF /* Interface_LabUITestsLaunchTests.swift */ = {isa = PBXFileReference; lastKnownFileType = sourcecode.swift; path = Interface_LabUITestsLaunchTests.swift; sourceTree = "<group>"; };
/* End PBXFileReference section */

/* Begin PBXFrameworksBuildPhase section */
		9F110D2A28BFB051000079DF /* Frameworks */ = {
			isa = PBXFrameworksBuildPhase;
			buildActionMask = 2147483647;
			files = (
			);
			runOnlyForDeploymentPostprocessing = 0;
		};
		9F110D4028BFB053000079DF /* Frameworks */ = {
			isa = PBXFrameworksBuildPhase;
			buildActionMask = 2147483647;
			files = (
			);
			runOnlyForDeploymentPostprocessing = 0;
		};
		9F110D4A28BFB053000079DF /* Frameworks */ = {
			isa = PBXFrameworksBuildPhase;
			buildActionMask = 2147483647;
			files = (
			);
			runOnlyForDeploymentPostprocessing = 0;
		};
/* End PBXFrameworksBuildPhase section */

/* Begin PBXGroup section */
		9F110D2428BFB051000079DF = {
			isa = PBXGroup;
			children = (
				9F110D2F28BFB051000079DF /* Interface Lab */,
				9F110D4628BFB053000079DF /* Interface LabTests */,
				9F110D5028BFB053000079DF /* Interface LabUITests */,
				9F110D2E28BFB051000079DF /* Products */,
			);
			sourceTree = "<group>";
		};
		9F110D2E28BFB051000079DF /* Products */ = {
			isa = PBXGroup;
			children = (
				9F110D2D28BFB051000079DF /* Interface Lab.app */,
				9F110D4328BFB053000079DF /* Interface LabTests.xctest */,
				9F110D4D28BFB053000079DF /* Interface LabUITests.xctest */,
			);
			name = Products;
			sourceTree = "<group>";
		};
		9F110D2F28BFB051000079DF /* Interface Lab */ = {
			isa = PBXGroup;
			children = (
				9F110D3028BFB051000079DF /* AppDelegate.swift */,
				9F110D3228BFB051000079DF /* SceneDelegate.swift */,
				9F110D3428BFB051000079DF /* ViewController.swift */,
				9F110D3628BFB051000079DF /* Main.storyboard */,
				9F110D3928BFB053000079DF /* Assets.xcassets */,
				9F110D3B28BFB053000079DF /* LaunchScreen.storyboard */,
				9F110D3E28BFB053000079DF /* Info.plist */,
			);
			path = "Interface Lab";
			sourceTree = "<group>";
		};
		9F110D4628BFB053000079DF /* Interface LabTests */ = {
			isa = PBXGroup;
			children = (
				9F110D4728BFB053000079DF /* Interface_LabTests.swift */,
			);
			path = "Interface LabTests";
			sourceTree = "<group>";
		};
		9F110D5028BFB053000079DF /* Interface LabUITests */ = {
			isa = PBXGroup;
			children = (
				9F110D5128BFB053000079DF /* Interface_LabUITests.swift */,
				9F110D5328BFB053000079DF /* Interface_LabUITestsLaunchTests.swift */,
			);
			path = "Interface LabUITests";
			sourceTree = "<group>";
		};
/* End PBXGroup section */

/* Begin PBXNativeTarget section */
		9F110D2C28BFB051000079DF /* Interface Lab */ = {
			isa = PBXNativeTarget;
			buildConfigurationList = 9F110D5728BFB053000079DF /* Build configuration list for PBXNativeTarget "Interface Lab" */;
			buildPhases = (
				9F110D2928BFB051000079DF /* Sources */,
				9F110D2A28BFB051000079DF /* Frameworks */,
				9F110D2B28BFB051000079DF /* Resources */,
			);
			buildRules = (
			);
			dependencies = (
			);
			name = "Interface Lab";
			productName = "Interface Lab";
			productReference = 9F110D2D28BFB051000079DF /* Interface Lab.app */;
			productType = "com.apple.product-type.application";
		};
		9F110D4228BFB053000079DF /* Interface LabTests */ = {
			isa = PBXNativeTarget;
			buildConfigurationList = 9F110D5A28BFB053000079DF /* Build configuration list for PBXNativeTarget "Interface LabTests" */;
			buildPhases = (
				9F110D3F28BFB053000079DF /* Sources */,
				9F110D4028BFB053000079DF /* Frameworks */,
				9F110D4128BFB053000079DF /* Resources */,
			);
			buildRules = (
			);
			dependencies = (
				9F110D4528BFB053000079DF /* PBXTargetDependency */,
			);
			name = "Interface LabTests";
			productName = "Interface LabTests";
			productReference = 9F110D4328BFB053000079DF /* Interface LabTests.xctest */;
			productType = "com.apple.product-type.bundle.unit-test";
		};
		9F110D4C28BFB053000079DF /* Interface LabUITests */ = {
			isa = PBXNativeTarget;
			buildConfigurationList = 9F110D5D28BFB053000079DF /* Build configuration list for PBXNativeTarget "Interface LabUITests" */;
			buildPhases = (
				9F110D4928BFB053000079DF /* Sources */,
				9F110D4A28BFB053000079DF /* Frameworks */,
				9F110D4B28BFB053000079DF /* Resources */,
			);
			buildRules = (
			);
			dependencies = (
				9F110D4F28BFB053000079DF /* PBXTargetDependency */,
			);
			name = "Interface LabUITests";
			productName = "Interface LabUITests";
			productReference = 9F110D4D28BFB053000079DF /* Interface LabUITests.xctest */;
			productType = "com.apple.product-type.bundle.ui-testing";
		};
/* End PBXNativeTarget section */

/* Begin PBXProject section */
		9F110D2528BFB051000079DF /* Project object */ = {
			isa = PBXProject;
			attributes = {
				BuildIndependentTargetsInParallel = 1;
				LastSwiftUpdateCheck = 1340;
				LastUpgradeCheck = 1340;
				TargetAttributes = {
					9F110D2C28BFB051000079DF = {
						CreatedOnToolsVersion = 13.4.1;
					};
					9F110D4228BFB053000079DF = {
						CreatedOnToolsVersion = 13.4.1;
						TestTargetID = 9F110D2C28BFB051000079DF;
					};
					9F110D4C28BFB053000079DF = {
						CreatedOnToolsVersion = 13.4.1;
						TestTargetID = 9F110D2C28BFB051000079DF;
					};
				};
			};
			buildConfigurationList = 9F110D2828BFB051000079DF /* Build configuration list for PBXProject "Interface Lab" */;
			compatibilityVersion = "Xcode 13.0";
			developmentRegion = en;
			hasScannedForEncodings = 0;
			knownRegions = (
				en,
				Base,
			);
			mainGroup = 9F110D2428BFB051000079DF;
			productRefGroup = 9F110D2E28BFB051000079DF /* Products */;
			projectDirPath = "";
			projectRoot = "";
			targets = (
				9F110D2C28BFB051000079DF /* Interface Lab */,
				9F110D4228BFB053000079DF /* Interface LabTests */,
				9F110D4C28BFB053000079DF /* Interface LabUITests */,
			);
		};
/* End PBXProject section */

/* Begin PBXResourcesBuildPhase section */
		9F110D2B28BFB051000079DF /* Resources */ = {
			isa = PBXResourcesBuildPhase;
			buildActionMask = 2147483647;
			files = (
				9F110D3D28BFB053000079DF /* LaunchScreen.storyboard in Resources */,
				9F110D3A28BFB053000079DF /* Assets.xcassets in Resources */,
				9F110D3828BFB051000079DF /* Main.storyboard in Resources */,
			);
			runOnlyForDeploymentPostprocessing = 0;
		};
		9F110D4128BFB053000079DF /* Resources */ = {
			isa = PBXResourcesBuildPhase;
			buildActionMask = 2147483647;
			files = (
			);
			runOnlyForDeploymentPostprocessing = 0;
		};
		9F110D4B28BFB053000079DF /* Resources */ = {
			isa = PBXResourcesBuildPhase;
			buildActionMask = 2147483647;
			files = (
			);
			runOnlyForDeploymentPostprocessing = 0;
		};
/* End PBXResourcesBuildPhase section */

/* Begin PBXSourcesBuildPhase section */
		9F110D2928BFB051000079DF /* Sources */ = {
			isa = PBXSourcesBuildPhase;
			buildActionMask = 2147483647;
			files = (
				9F110D3528BFB051000079DF /* ViewController.swift in Sources */,
				9F110D3128BFB051000079DF /* AppDelegate.swift in Sources */,
				9F110D3328BFB051000079DF /* SceneDelegate.swift in Sources */,
			);
			runOnlyForDeploymentPostprocessing = 0;
		};
		9F110D3F28BFB053000079DF /* Sources */ = {
			isa = PBXSourcesBuildPhase;
			buildActionMask = 2147483647;
			files = (
				9F110D4828BFB053000079DF /* Interface_LabTests.swift in Sources */,
			);
			runOnlyForDeploymentPostprocessing = 0;
		};
		9F110D4928BFB053000079DF /* Sources */ = {
			isa = PBXSourcesBuildPhase;
			buildActionMask = 2147483647;
			files = (
				9F110D5428BFB053000079DF /* Interface_LabUITestsLaunchTests.swift in Sources */,
				9F110D5228BFB053000079DF /* Interface_LabUITests.swift in Sources */,
			);
			runOnlyForDeploymentPostprocessing = 0;
		};
/* End PBXSourcesBuildPhase section */

/* Begin PBXTargetDependency section */
		9F110D4528BFB053000079DF /* PBXTargetDependency */ = {
			isa = PBXTargetDependency;
			target = 9F110D2C28BFB051000079DF /* Interface Lab */;
			targetProxy = 9F110D4428BFB053000079DF /* PBXContainerItemProxy */;
		};
		9F110D4F28BFB053000079DF /* PBXTargetDependency */ = {
			isa = PBXTargetDependency;
			target = 9F110D2C28BFB051000079DF /* Interface Lab */;
			targetProxy = 9F110D4E28BFB053000079DF /* PBXContainerItemProxy */;
		};
/* End PBXTargetDependency section */

/* Begin PBXVariantGroup section */
		9F110D3628BFB051000079DF /* Main.storyboard */ = {
			isa = PBXVariantGroup;
			children = (
				9F110D3728BFB051000079DF /* Base */,
			);
			name = Main.storyboard;
			sourceTree = "<group>";
		};
		9F110D3B28BFB053000079DF /* LaunchScreen.storyboard */ = {
			isa = PBXVariantGroup;
			children = (
				9F110D3C28BFB053000079DF /* Base */,
			);
			name = LaunchScreen.storyboard;
			sourceTree = "<group>";
		};
/* End PBXVariantGroup section */

/* Begin XCBuildConfiguration section */
		9F110D5528BFB053000079DF /* Debug */ = {
			isa = XCBuildConfiguration;
			buildSettings = {
				ALWAYS_SEARCH_USER_PATHS = NO;
				CLANG_ANALYZER_NONNULL = YES;
				CLANG_ANALYZER_NUMBER_OBJECT_CONVERSION = YES_AGGRESSIVE;
				CLANG_CXX_LANGUAGE_STANDARD = "gnu++17";
				CLANG_ENABLE_MODULES = YES;
				CLANG_ENABLE_OBJC_ARC = YES;
				CLANG_ENABLE_OBJC_WEAK = YES;
				CLANG_WARN_BLOCK_CAPTURE_AUTORELEASING = YES;
				CLANG_WARN_BOOL_CONVERSION = YES;
				CLANG_WARN_COMMA = YES;
				CLANG_WARN_CONSTANT_CONVERSION = YES;
				CLANG_WARN_DEPRECATED_OBJC_IMPLEMENTATIONS = YES;
				CLANG_WARN_DIRECT_OBJC_ISA_USAGE = YES_ERROR;
				CLANG_WARN_DOCUMENTATION_COMMENTS = YES;
				CLANG_WARN_EMPTY_BODY = YES;
				CLANG_WARN_ENUM_CONVERSION = YES;
				CLANG_WARN_INFINITE_RECURSION = YES;
				CLANG_WARN_INT_CONVERSION = YES;
				CLANG_WARN_NON_LITERAL_NULL_CONVERSION = YES;
				CLANG_WARN_OBJC_IMPLICIT_RETAIN_SELF = YES;
				CLANG_WARN_OBJC_LITERAL_CONVERSION = YES;
				CLANG_WARN_OBJC_ROOT_CLASS = YES_ERROR;
				CLANG_WARN_QUOTED_INCLUDE_IN_FRAMEWORK_HEADER = YES;
				CLANG_WARN_RANGE_LOOP_ANALYSIS = YES;
				CLANG_WARN_STRICT_PROTOTYPES = YES;
				CLANG_WARN_SUSPICIOUS_MOVE = YES;
				CLANG_WARN_UNGUARDED_AVAILABILITY = YES_AGGRESSIVE;
				CLANG_WARN_UNREACHABLE_CODE = YES;
				CLANG_WARN__DUPLICATE_METHOD_MATCH = YES;
				COPY_PHASE_STRIP = NO;
				DEBUG_INFORMATION_FORMAT = dwarf;
				ENABLE_STRICT_OBJC_MSGSEND = YES;
				ENABLE_TESTABILITY = YES;
				GCC_C_LANGUAGE_STANDARD = gnu11;
				GCC_DYNAMIC_NO_PIC = NO;
				GCC_NO_COMMON_BLOCKS = YES;
				GCC_OPTIMIZATION_LEVEL = 0;
				GCC_PREPROCESSOR_DEFINITIONS = (
					"DEBUG=1",
					"$(inherited)",
				);
				GCC_WARN_64_TO_32_BIT_CONVERSION = YES;
				GCC_WARN_ABOUT_RETURN_TYPE = YES_ERROR;
				GCC_WARN_UNDECLARED_SELECTOR = YES;
				GCC_WARN_UNINITIALIZED_AUTOS = YES_AGGRESSIVE;
				GCC_WARN_UNUSED_FUNCTION = YES;
				GCC_WARN_UNUSED_VARIABLE = YES;
				IPHONEOS_DEPLOYMENT_TARGET = 15.5;
				MTL_ENABLE_DEBUG_INFO = INCLUDE_SOURCE;
				MTL_FAST_MATH = YES;
				ONLY_ACTIVE_ARCH = YES;
				SDKROOT = iphoneos;
				SWIFT_ACTIVE_COMPILATION_CONDITIONS = DEBUG;
				SWIFT_OPTIMIZATION_LEVEL = "-Onone";
			};
			name = Debug;
		};
		9F110D5628BFB053000079DF /* Release */ = {
			isa = XCBuildConfiguration;
			buildSettings = {
				ALWAYS_SEARCH_USER_PATHS = NO;
				CLANG_ANALYZER_NONNULL = YES;
				CLANG_ANALYZER_NUMBER_OBJECT_CONVERSION = YES_AGGRESSIVE;
				CLANG_CXX_LANGUAGE_STANDARD = "gnu++17";
				CLANG_ENABLE_MODULES = YES;
				CLANG_ENABLE_OBJC_ARC = YES;
				CLANG_ENABLE_OBJC_WEAK = YES;
				CLANG_WARN_BLOCK_CAPTURE_AUTORELEASING = YES;
				CLANG_WARN_BOOL_CONVERSION = YES;
				CLANG_WARN_COMMA = YES;
				CLANG_WARN_CONSTANT_CONVERSION = YES;
				CLANG_WARN_DEPRECATED_OBJC_IMPLEMENTATIONS = YES;
				CLANG_WARN_DIRECT_OBJC_ISA_USAGE = YES_ERROR;
				CLANG_WARN_DOCUMENTATION_COMMENTS = YES;
				CLANG_WARN_EMPTY_BODY = YES;
				CLANG_WARN_ENUM_CONVERSION = YES;
				CLANG_WARN_INFINITE_RECURSION = YES;
				CLANG_WARN_INT_CONVERSION = YES;
				CLANG_WARN_NON_LITERAL_NULL_CONVERSION = YES;
				CLANG_WARN_OBJC_IMPLICIT_RETAIN_SELF = YES;
				CLANG_WARN_OBJC_LITERAL_CONVERSION = YES;
				CLANG_WARN_OBJC_ROOT_CLASS = YES_ERROR;
				CLANG_WARN_QUOTED_INCLUDE_IN_FRAMEWORK_HEADER = YES;
				CLANG_WARN_RANGE_LOOP_ANALYSIS = YES;
				CLANG_WARN_STRICT_PROTOTYPES = YES;
				CLANG_WARN_SUSPICIOUS_MOVE = YES;
				CLANG_WARN_UNGUARDED_AVAILABILITY = YES_AGGRESSIVE;
				CLANG_WARN_UNREACHABLE_CODE = YES;
				CLANG_WARN__DUPLICATE_METHOD_MATCH = YES;
				COPY_PHASE_STRIP = NO;
				DEBUG_INFORMATION_FORMAT = "dwarf-with-dsym";
				ENABLE_NS_ASSERTIONS = NO;
				ENABLE_STRICT_OBJC_MSGSEND = YES;
				GCC_C_LANGUAGE_STANDARD = gnu11;
				GCC_NO_COMMON_BLOCKS = YES;
				GCC_WARN_64_TO_32_BIT_CONVERSION = YES;
				GCC_WARN_ABOUT_RETURN_TYPE = YES_ERROR;
				GCC_WARN_UNDECLARED_SELECTOR = YES;
				GCC_WARN_UNINITIALIZED_AUTOS = YES_AGGRESSIVE;
				GCC_WARN_UNUSED_FUNCTION = YES;
				GCC_WARN_UNUSED_VARIABLE = YES;
				IPHONEOS_DEPLOYMENT_TARGET = 15.5;
				MTL_ENABLE_DEBUG_INFO = NO;
				MTL_FAST_MATH = YES;
				SDKROOT = iphoneos;
				SWIFT_COMPILATION_MODE = wholemodule;
				SWIFT_OPTIMIZATION_LEVEL = "-O";
				VALIDATE_PRODUCT = YES;
			};
			name = Release;
		};
		9F110D5828BFB053000079DF /* Debug */ = {
			isa = XCBuildConfiguration;
			buildSettings = {
				ASSETCATALOG_COMPILER_APPICON_NAME = AppIcon;
				ASSETCATALOG_COMPILER_GLOBAL_ACCENT_COLOR_NAME = AccentColor;
				CODE_SIGN_STYLE = Automatic;
				CURRENT_PROJECT_VERSION = 1;
				GENERATE_INFOPLIST_FILE = YES;
				INFOPLIST_FILE = "Interface Lab/Info.plist";
				INFOPLIST_KEY_UIApplicationSupportsIndirectInputEvents = YES;
				INFOPLIST_KEY_UILaunchStoryboardName = LaunchScreen;
				INFOPLIST_KEY_UIMainStoryboardFile = Main;
				INFOPLIST_KEY_UISupportedInterfaceOrientations_iPad = "UIInterfaceOrientationPortrait UIInterfaceOrientationPortraitUpsideDown UIInterfaceOrientationLandscapeLeft UIInterfaceOrientationLandscapeRight";
				INFOPLIST_KEY_UISupportedInterfaceOrientations_iPhone = "UIInterfaceOrientationPortrait UIInterfaceOrientationLandscapeLeft UIInterfaceOrientationLandscapeRight";
				LD_RUNPATH_SEARCH_PATHS = (
					"$(inherited)",
					"@executable_path/Frameworks",
				);
				MARKETING_VERSION = 1.0;
				PRODUCT_BUNDLE_IDENTIFIER = "self.Interface-Lab";
				PRODUCT_NAME = "$(TARGET_NAME)";
				SWIFT_EMIT_LOC_STRINGS = YES;
				SWIFT_VERSION = 5.0;
				TARGETED_DEVICE_FAMILY = "1,2";
			};
			name = Debug;
		};
		9F110D5928BFB053000079DF /* Release */ = {
			isa = XCBuildConfiguration;
			buildSettings = {
				ASSETCATALOG_COMPILER_APPICON_NAME = AppIcon;
				ASSETCATALOG_COMPILER_GLOBAL_ACCENT_COLOR_NAME = AccentColor;
				CODE_SIGN_STYLE = Automatic;
				CURRENT_PROJECT_VERSION = 1;
				GENERATE_INFOPLIST_FILE = YES;
				INFOPLIST_FILE = "Interface Lab/Info.plist";
				INFOPLIST_KEY_UIApplicationSupportsIndirectInputEvents = YES;
				INFOPLIST_KEY_UILaunchStoryboardName = LaunchScreen;
				INFOPLIST_KEY_UIMainStoryboardFile = Main;
				INFOPLIST_KEY_UISupportedInterfaceOrientations_iPad = "UIInterfaceOrientationPortrait UIInterfaceOrientationPortraitUpsideDown UIInterfaceOrientationLandscapeLeft UIInterfaceOrientationLandscapeRight";
				INFOPLIST_KEY_UISupportedInterfaceOrientations_iPhone = "UIInterfaceOrientationPortrait UIInterfaceOrientationLandscapeLeft UIInterfaceOrientationLandscapeRight";
				LD_RUNPATH_SEARCH_PATHS = (
					"$(inherited)",
					"@executable_path/Frameworks",
				);
				MARKETING_VERSION = 1.0;
				PRODUCT_BUNDLE_IDENTIFIER = "self.Interface-Lab";
				PRODUCT_NAME = "$(TARGET_NAME)";
				SWIFT_EMIT_LOC_STRINGS = YES;
				SWIFT_VERSION = 5.0;
				TARGETED_DEVICE_FAMILY = "1,2";
			};
			name = Release;
		};
		9F110D5B28BFB053000079DF /* Debug */ = {
			isa = XCBuildConfiguration;
			buildSettings = {
				ALWAYS_EMBED_SWIFT_STANDARD_LIBRARIES = YES;
				BUNDLE_LOADER = "$(TEST_HOST)";
				CODE_SIGN_STYLE = Automatic;
				CURRENT_PROJECT_VERSION = 1;
				GENERATE_INFOPLIST_FILE = YES;
				IPHONEOS_DEPLOYMENT_TARGET = 15.5;
				MARKETING_VERSION = 1.0;
				PRODUCT_BUNDLE_IDENTIFIER = "self.Interface-LabTests";
				PRODUCT_NAME = "$(TARGET_NAME)";
				SWIFT_EMIT_LOC_STRINGS = NO;
				SWIFT_VERSION = 5.0;
				TARGETED_DEVICE_FAMILY = "1,2";
				TEST_HOST = "$(BUILT_PRODUCTS_DIR)/Interface Lab.app/Interface Lab";
			};
			name = Debug;
		};
		9F110D5C28BFB053000079DF /* Release */ = {
			isa = XCBuildConfiguration;
			buildSettings = {
				ALWAYS_EMBED_SWIFT_STANDARD_LIBRARIES = YES;
				BUNDLE_LOADER = "$(TEST_HOST)";
				CODE_SIGN_STYLE = Automatic;
				CURRENT_PROJECT_VERSION = 1;
				GENERATE_INFOPLIST_FILE = YES;
				IPHONEOS_DEPLOYMENT_TARGET = 15.5;
				MARKETING_VERSION = 1.0;
				PRODUCT_BUNDLE_IDENTIFIER = "self.Interface-LabTests";
				PRODUCT_NAME = "$(TARGET_NAME)";
				SWIFT_EMIT_LOC_STRINGS = NO;
				SWIFT_VERSION = 5.0;
				TARGETED_DEVICE_FAMILY = "1,2";
				TEST_HOST = "$(BUILT_PRODUCTS_DIR)/Interface Lab.app/Interface Lab";
			};
			name = Release;
		};
		9F110D5E28BFB053000079DF /* Debug */ = {
			isa = XCBuildConfiguration;
			buildSettings = {
				ALWAYS_EMBED_SWIFT_STANDARD_LIBRARIES = YES;
				CODE_SIGN_STYLE = Automatic;
				CURRENT_PROJECT_VERSION = 1;
				GENERATE_INFOPLIST_FILE = YES;
				MARKETING_VERSION = 1.0;
				PRODUCT_BUNDLE_IDENTIFIER = "self.Interface-LabUITests";
				PRODUCT_NAME = "$(TARGET_NAME)";
				SWIFT_EMIT_LOC_STRINGS = NO;
				SWIFT_VERSION = 5.0;
				TARGETED_DEVICE_FAMILY = "1,2";
				TEST_TARGET_NAME = "Interface Lab";
			};
			name = Debug;
		};
		9F110D5F28BFB053000079DF /* Release */ = {
			isa = XCBuildConfiguration;
			buildSettings = {
				ALWAYS_EMBED_SWIFT_STANDARD_LIBRARIES = YES;
				CODE_SIGN_STYLE = Automatic;
				CURRENT_PROJECT_VERSION = 1;
				GENERATE_INFOPLIST_FILE = YES;
				MARKETING_VERSION = 1.0;
				PRODUCT_BUNDLE_IDENTIFIER = "self.Interface-LabUITests";
				PRODUCT_NAME = "$(TARGET_NAME)";
				SWIFT_EMIT_LOC_STRINGS = NO;
				SWIFT_VERSION = 5.0;
				TARGETED_DEVICE_FAMILY = "1,2";
				TEST_TARGET_NAME = "Interface Lab";
			};
			name = Release;
		};
/* End XCBuildConfiguration section */

/* Begin XCConfigurationList section */
		9F110D2828BFB051000079DF /* Build configuration list for PBXProject "Interface Lab" */ = {
			isa = XCConfigurationList;
			buildConfigurations = (
				9F110D5528BFB053000079DF /* Debug */,
				9F110D5628BFB053000079DF /* Release */,
			);
			defaultConfigurationIsVisible = 0;
			defaultConfigurationName = Release;
		};
		9F110D5728BFB053000079DF /* Build configuration list for PBXNativeTarget "Interface Lab" */ = {
			isa = XCConfigurationList;
			buildConfigurations = (
				9F110D5828BFB053000079DF /* Debug */,
				9F110D5928BFB053000079DF /* Release */,
			);
			defaultConfigurationIsVisible = 0;
			defaultConfigurationName = Release;
		};
		9F110D5A28BFB053000079DF /* Build configuration list for PBXNativeTarget "Interface LabTests" */ = {
			isa = XCConfigurationList;
			buildConfigurations = (
				9F110D5B28BFB053000079DF /* Debug */,
				9F110D5C28BFB053000079DF /* Release */,
			);
			defaultConfigurationIsVisible = 0;
			defaultConfigurationName = Release;
		};
		9F110D5D28BFB053000079DF /* Build configuration list for PBXNativeTarget "Interface LabUITests" */ = {
			isa = XCConfigurationList;
			buildConfigurations = (
				9F110D5E28BFB053000079DF /* Debug */,
				9F110D5F28BFB053000079DF /* Release */,
			);
			defaultConfigurationIsVisible = 0;
			defaultConfigurationName = Release;
		};
/* End XCConfigurationList section */
	};
	rootObject = 9F110D2528BFB051000079DF /* Project object */;
}
