// !$*UTF8*$!
{
	archiveVersion = 1;
	classes = {
	};
	objectVersion = 55;
	objects = {

/* Begin PBXBuildFile section */
		9F04425E28DEC8AE00B23862 /* FamilyViewController.swift in Sources */ = {isa = PBXBuildFile; fileRef = 9F04425D28DEC8AE00B23862 /* FamilyViewController.swift */; };
		9F49A94F28DE058400CF32B0 /* AppDelegate.swift in Sources */ = {isa = PBXBuildFile; fileRef = 9F49A94E28DE058400CF32B0 /* AppDelegate.swift */; };
		9F49A95128DE058400CF32B0 /* SceneDelegate.swift in Sources */ = {isa = PBXBuildFile; fileRef = 9F49A95028DE058400CF32B0 /* SceneDelegate.swift */; };
		9F49A95328DE058400CF32B0 /* ViewController.swift in Sources */ = {isa = PBXBuildFile; fileRef = 9F49A95228DE058400CF32B0 /* ViewController.swift */; };
		9F49A95628DE058400CF32B0 /* Main.storyboard in Resources */ = {isa = PBXBuildFile; fileRef = 9F49A95428DE058400CF32B0 /* Main.storyboard */; };
		9F49A95828DE058500CF32B0 /* Assets.xcassets in Resources */ = {isa = PBXBuildFile; fileRef = 9F49A95728DE058500CF32B0 /* Assets.xcassets */; };
		9F49A95B28DE058500CF32B0 /* LaunchScreen.storyboard in Resources */ = {isa = PBXBuildFile; fileRef = 9F49A95928DE058500CF32B0 /* LaunchScreen.storyboard */; };
		9F49A96628DE058500CF32B0 /* familyIntroductionTests.swift in Sources */ = {isa = PBXBuildFile; fileRef = 9F49A96528DE058500CF32B0 /* familyIntroductionTests.swift */; };
		9F49A97028DE058500CF32B0 /* familyIntroductionUITests.swift in Sources */ = {isa = PBXBuildFile; fileRef = 9F49A96F28DE058500CF32B0 /* familyIntroductionUITests.swift */; };
		9F49A97228DE058500CF32B0 /* familyIntroductionUITestsLaunchTests.swift in Sources */ = {isa = PBXBuildFile; fileRef = 9F49A97128DE058500CF32B0 /* familyIntroductionUITestsLaunchTests.swift */; };
		9F49A97F28DE0ADC00CF32B0 /* FamilyMember.swift in Sources */ = {isa = PBXBuildFile; fileRef = 9F49A97E28DE0ADB00CF32B0 /* FamilyMember.swift */; };
		9FB98E6429102503005EE410 /* FamilyTableViewController.swift in Sources */ = {isa = PBXBuildFile; fileRef = 9FB98E6329102503005EE410 /* FamilyTableViewController.swift */; };
		9FB98E6A291026B1005EE410 /* FamilyMemberCell.swift in Sources */ = {isa = PBXBuildFile; fileRef = 9FB98E68291026B1005EE410 /* FamilyMemberCell.swift */; };
/* End PBXBuildFile section */

/* Begin PBXContainerItemProxy section */
		9F49A96228DE058500CF32B0 /* PBXContainerItemProxy */ = {
			isa = PBXContainerItemProxy;
			containerPortal = 9F49A94328DE058400CF32B0 /* Project object */;
			proxyType = 1;
			remoteGlobalIDString = 9F49A94A28DE058400CF32B0;
			remoteInfo = familyIntroduction;
		};
		9F49A96C28DE058500CF32B0 /* PBXContainerItemProxy */ = {
			isa = PBXContainerItemProxy;
			containerPortal = 9F49A94328DE058400CF32B0 /* Project object */;
			proxyType = 1;
			remoteGlobalIDString = 9F49A94A28DE058400CF32B0;
			remoteInfo = familyIntroduction;
		};
/* End PBXContainerItemProxy section */

/* Begin PBXFileReference section */
		9F04425D28DEC8AE00B23862 /* FamilyViewController.swift */ = {isa = PBXFileReference; lastKnownFileType = sourcecode.swift; path = FamilyViewController.swift; sourceTree = "<group>"; };
		9F49A94B28DE058400CF32B0 /* familyIntroduction.app */ = {isa = PBXFileReference; explicitFileType = wrapper.application; includeInIndex = 0; path = familyIntroduction.app; sourceTree = BUILT_PRODUCTS_DIR; };
		9F49A94E28DE058400CF32B0 /* AppDelegate.swift */ = {isa = PBXFileReference; lastKnownFileType = sourcecode.swift; path = AppDelegate.swift; sourceTree = "<group>"; };
		9F49A95028DE058400CF32B0 /* SceneDelegate.swift */ = {isa = PBXFileReference; lastKnownFileType = sourcecode.swift; path = SceneDelegate.swift; sourceTree = "<group>"; };
		9F49A95228DE058400CF32B0 /* ViewController.swift */ = {isa = PBXFileReference; lastKnownFileType = sourcecode.swift; path = ViewController.swift; sourceTree = "<group>"; };
		9F49A95528DE058400CF32B0 /* Base */ = {isa = PBXFileReference; lastKnownFileType = file.storyboard; name = Base; path = Base.lproj/Main.storyboard; sourceTree = "<group>"; };
		9F49A95728DE058500CF32B0 /* Assets.xcassets */ = {isa = PBXFileReference; lastKnownFileType = folder.assetcatalog; path = Assets.xcassets; sourceTree = "<group>"; };
		9F49A95A28DE058500CF32B0 /* Base */ = {isa = PBXFileReference; lastKnownFileType = file.storyboard; name = Base; path = Base.lproj/LaunchScreen.storyboard; sourceTree = "<group>"; };
		9F49A95C28DE058500CF32B0 /* Info.plist */ = {isa = PBXFileReference; lastKnownFileType = text.plist.xml; path = Info.plist; sourceTree = "<group>"; };
		9F49A96128DE058500CF32B0 /* familyIntroductionTests.xctest */ = {isa = PBXFileReference; explicitFileType = wrapper.cfbundle; includeInIndex = 0; path = familyIntroductionTests.xctest; sourceTree = BUILT_PRODUCTS_DIR; };
		9F49A96528DE058500CF32B0 /* familyIntroductionTests.swift */ = {isa = PBXFileReference; lastKnownFileType = sourcecode.swift; path = familyIntroductionTests.swift; sourceTree = "<group>"; };
		9F49A96B28DE058500CF32B0 /* familyIntroductionUITests.xctest */ = {isa = PBXFileReference; explicitFileType = wrapper.cfbundle; includeInIndex = 0; path = familyIntroductionUITests.xctest; sourceTree = BUILT_PRODUCTS_DIR; };
		9F49A96F28DE058500CF32B0 /* familyIntroductionUITests.swift */ = {isa = PBXFileReference; lastKnownFileType = sourcecode.swift; path = familyIntroductionUITests.swift; sourceTree = "<group>"; };
		9F49A97128DE058500CF32B0 /* familyIntroductionUITestsLaunchTests.swift */ = {isa = PBXFileReference; lastKnownFileType = sourcecode.swift; path = familyIntroductionUITestsLaunchTests.swift; sourceTree = "<group>"; };
		9F49A97E28DE0ADB00CF32B0 /* FamilyMember.swift */ = {isa = PBXFileReference; lastKnownFileType = sourcecode.swift; path = FamilyMember.swift; sourceTree = "<group>"; };
		9FB98E6329102503005EE410 /* FamilyTableViewController.swift */ = {isa = PBXFileReference; lastKnownFileType = sourcecode.swift; path = FamilyTableViewController.swift; sourceTree = "<group>"; };
		9FB98E69291026B1005EE410 /* Base */ = {isa = PBXFileReference; lastKnownFileType = sourcecode.swift; name = Base; path = Base.lproj/FamilyMemberCell.swift; sourceTree = "<group>"; };
/* End PBXFileReference section */

/* Begin PBXFrameworksBuildPhase section */
		9F49A94828DE058400CF32B0 /* Frameworks */ = {
			isa = PBXFrameworksBuildPhase;
			buildActionMask = 2147483647;
			files = (
			);
			runOnlyForDeploymentPostprocessing = 0;
		};
		9F49A95E28DE058500CF32B0 /* Frameworks */ = {
			isa = PBXFrameworksBuildPhase;
			buildActionMask = 2147483647;
			files = (
			);
			runOnlyForDeploymentPostprocessing = 0;
		};
		9F49A96828DE058500CF32B0 /* Frameworks */ = {
			isa = PBXFrameworksBuildPhase;
			buildActionMask = 2147483647;
			files = (
			);
			runOnlyForDeploymentPostprocessing = 0;
		};
/* End PBXFrameworksBuildPhase section */

/* Begin PBXGroup section */
		9F49A94228DE058400CF32B0 = {
			isa = PBXGroup;
			children = (
				9F49A94D28DE058400CF32B0 /* familyIntroduction */,
				9F49A96428DE058500CF32B0 /* familyIntroductionTests */,
				9F49A96E28DE058500CF32B0 /* familyIntroductionUITests */,
				9F49A94C28DE058400CF32B0 /* Products */,
			);
			sourceTree = "<group>";
		};
		9F49A94C28DE058400CF32B0 /* Products */ = {
			isa = PBXGroup;
			children = (
				9F49A94B28DE058400CF32B0 /* familyIntroduction.app */,
				9F49A96128DE058500CF32B0 /* familyIntroductionTests.xctest */,
				9F49A96B28DE058500CF32B0 /* familyIntroductionUITests.xctest */,
			);
			name = Products;
			sourceTree = "<group>";
		};
		9F49A94D28DE058400CF32B0 /* familyIntroduction */ = {
			isa = PBXGroup;
			children = (
				9FB98E6329102503005EE410 /* FamilyTableViewController.swift */,
				9F49A94E28DE058400CF32B0 /* AppDelegate.swift */,
				9F49A95028DE058400CF32B0 /* SceneDelegate.swift */,
				9F49A95228DE058400CF32B0 /* ViewController.swift */,
				9F49A95428DE058400CF32B0 /* Main.storyboard */,
				9FB98E68291026B1005EE410 /* FamilyMemberCell.swift */,
				9F04425D28DEC8AE00B23862 /* FamilyViewController.swift */,
				9F49A97E28DE0ADB00CF32B0 /* FamilyMember.swift */,
				9F49A95728DE058500CF32B0 /* Assets.xcassets */,
				9F49A95928DE058500CF32B0 /* LaunchScreen.storyboard */,
				9F49A95C28DE058500CF32B0 /* Info.plist */,
			);
			path = familyIntroduction;
			sourceTree = "<group>";
		};
		9F49A96428DE058500CF32B0 /* familyIntroductionTests */ = {
			isa = PBXGroup;
			children = (
				9F49A96528DE058500CF32B0 /* familyIntroductionTests.swift */,
			);
			path = familyIntroductionTests;
			sourceTree = "<group>";
		};
		9F49A96E28DE058500CF32B0 /* familyIntroductionUITests */ = {
			isa = PBXGroup;
			children = (
				9F49A96F28DE058500CF32B0 /* familyIntroductionUITests.swift */,
				9F49A97128DE058500CF32B0 /* familyIntroductionUITestsLaunchTests.swift */,
			);
			path = familyIntroductionUITests;
			sourceTree = "<group>";
		};
/* End PBXGroup section */

/* Begin PBXNativeTarget section */
		9F49A94A28DE058400CF32B0 /* familyIntroduction */ = {
			isa = PBXNativeTarget;
			buildConfigurationList = 9F49A97528DE058500CF32B0 /* Build configuration list for PBXNativeTarget "familyIntroduction" */;
			buildPhases = (
				9F49A94728DE058400CF32B0 /* Sources */,
				9F49A94828DE058400CF32B0 /* Frameworks */,
				9F49A94928DE058400CF32B0 /* Resources */,
			);
			buildRules = (
			);
			dependencies = (
			);
			name = familyIntroduction;
			productName = familyIntroduction;
			productReference = 9F49A94B28DE058400CF32B0 /* familyIntroduction.app */;
			productType = "com.apple.product-type.application";
		};
		9F49A96028DE058500CF32B0 /* familyIntroductionTests */ = {
			isa = PBXNativeTarget;
			buildConfigurationList = 9F49A97828DE058500CF32B0 /* Build configuration list for PBXNativeTarget "familyIntroductionTests" */;
			buildPhases = (
				9F49A95D28DE058500CF32B0 /* Sources */,
				9F49A95E28DE058500CF32B0 /* Frameworks */,
				9F49A95F28DE058500CF32B0 /* Resources */,
			);
			buildRules = (
			);
			dependencies = (
				9F49A96328DE058500CF32B0 /* PBXTargetDependency */,
			);
			name = familyIntroductionTests;
			productName = familyIntroductionTests;
			productReference = 9F49A96128DE058500CF32B0 /* familyIntroductionTests.xctest */;
			productType = "com.apple.product-type.bundle.unit-test";
		};
		9F49A96A28DE058500CF32B0 /* familyIntroductionUITests */ = {
			isa = PBXNativeTarget;
			buildConfigurationList = 9F49A97B28DE058500CF32B0 /* Build configuration list for PBXNativeTarget "familyIntroductionUITests" */;
			buildPhases = (
				9F49A96728DE058500CF32B0 /* Sources */,
				9F49A96828DE058500CF32B0 /* Frameworks */,
				9F49A96928DE058500CF32B0 /* Resources */,
			);
			buildRules = (
			);
			dependencies = (
				9F49A96D28DE058500CF32B0 /* PBXTargetDependency */,
			);
			name = familyIntroductionUITests;
			productName = familyIntroductionUITests;
			productReference = 9F49A96B28DE058500CF32B0 /* familyIntroductionUITests.xctest */;
			productType = "com.apple.product-type.bundle.ui-testing";
		};
/* End PBXNativeTarget section */

/* Begin PBXProject section */
		9F49A94328DE058400CF32B0 /* Project object */ = {
			isa = PBXProject;
			attributes = {
				BuildIndependentTargetsInParallel = 1;
				LastSwiftUpdateCheck = 1340;
				LastUpgradeCheck = 1340;
				TargetAttributes = {
					9F49A94A28DE058400CF32B0 = {
						CreatedOnToolsVersion = 13.4.1;
					};
					9F49A96028DE058500CF32B0 = {
						CreatedOnToolsVersion = 13.4.1;
						TestTargetID = 9F49A94A28DE058400CF32B0;
					};
					9F49A96A28DE058500CF32B0 = {
						CreatedOnToolsVersion = 13.4.1;
						TestTargetID = 9F49A94A28DE058400CF32B0;
					};
				};
			};
			buildConfigurationList = 9F49A94628DE058400CF32B0 /* Build configuration list for PBXProject "familyIntroduction" */;
			compatibilityVersion = "Xcode 13.0";
			developmentRegion = en;
			hasScannedForEncodings = 0;
			knownRegions = (
				en,
				Base,
			);
			mainGroup = 9F49A94228DE058400CF32B0;
			productRefGroup = 9F49A94C28DE058400CF32B0 /* Products */;
			projectDirPath = "";
			projectRoot = "";
			targets = (
				9F49A94A28DE058400CF32B0 /* familyIntroduction */,
				9F49A96028DE058500CF32B0 /* familyIntroductionTests */,
				9F49A96A28DE058500CF32B0 /* familyIntroductionUITests */,
			);
		};
/* End PBXProject section */

/* Begin PBXResourcesBuildPhase section */
		9F49A94928DE058400CF32B0 /* Resources */ = {
			isa = PBXResourcesBuildPhase;
			buildActionMask = 2147483647;
			files = (
				9F49A95B28DE058500CF32B0 /* LaunchScreen.storyboard in Resources */,
				9F49A95828DE058500CF32B0 /* Assets.xcassets in Resources */,
				9F49A95628DE058400CF32B0 /* Main.storyboard in Resources */,
			);
			runOnlyForDeploymentPostprocessing = 0;
		};
		9F49A95F28DE058500CF32B0 /* Resources */ = {
			isa = PBXResourcesBuildPhase;
			buildActionMask = 2147483647;
			files = (
			);
			runOnlyForDeploymentPostprocessing = 0;
		};
		9F49A96928DE058500CF32B0 /* Resources */ = {
			isa = PBXResourcesBuildPhase;
			buildActionMask = 2147483647;
			files = (
			);
			runOnlyForDeploymentPostprocessing = 0;
		};
/* End PBXResourcesBuildPhase section */

/* Begin PBXSourcesBuildPhase section */
		9F49A94728DE058400CF32B0 /* Sources */ = {
			isa = PBXSourcesBuildPhase;
			buildActionMask = 2147483647;
			files = (
				9F49A95328DE058400CF32B0 /* ViewController.swift in Sources */,
				9FB98E6A291026B1005EE410 /* FamilyMemberCell.swift in Sources */,
				9F49A94F28DE058400CF32B0 /* AppDelegate.swift in Sources */,
				9F49A97F28DE0ADC00CF32B0 /* FamilyMember.swift in Sources */,
				9FB98E6429102503005EE410 /* FamilyTableViewController.swift in Sources */,
				9F49A95128DE058400CF32B0 /* SceneDelegate.swift in Sources */,
				9F04425E28DEC8AE00B23862 /* FamilyViewController.swift in Sources */,
			);
			runOnlyForDeploymentPostprocessing = 0;
		};
		9F49A95D28DE058500CF32B0 /* Sources */ = {
			isa = PBXSourcesBuildPhase;
			buildActionMask = 2147483647;
			files = (
				9F49A96628DE058500CF32B0 /* familyIntroductionTests.swift in Sources */,
			);
			runOnlyForDeploymentPostprocessing = 0;
		};
		9F49A96728DE058500CF32B0 /* Sources */ = {
			isa = PBXSourcesBuildPhase;
			buildActionMask = 2147483647;
			files = (
				9F49A97228DE058500CF32B0 /* familyIntroductionUITestsLaunchTests.swift in Sources */,
				9F49A97028DE058500CF32B0 /* familyIntroductionUITests.swift in Sources */,
			);
			runOnlyForDeploymentPostprocessing = 0;
		};
/* End PBXSourcesBuildPhase section */

/* Begin PBXTargetDependency section */
		9F49A96328DE058500CF32B0 /* PBXTargetDependency */ = {
			isa = PBXTargetDependency;
			target = 9F49A94A28DE058400CF32B0 /* familyIntroduction */;
			targetProxy = 9F49A96228DE058500CF32B0 /* PBXContainerItemProxy */;
		};
		9F49A96D28DE058500CF32B0 /* PBXTargetDependency */ = {
			isa = PBXTargetDependency;
			target = 9F49A94A28DE058400CF32B0 /* familyIntroduction */;
			targetProxy = 9F49A96C28DE058500CF32B0 /* PBXContainerItemProxy */;
		};
/* End PBXTargetDependency section */

/* Begin PBXVariantGroup section */
		9F49A95428DE058400CF32B0 /* Main.storyboard */ = {
			isa = PBXVariantGroup;
			children = (
				9F49A95528DE058400CF32B0 /* Base */,
			);
			name = Main.storyboard;
			sourceTree = "<group>";
		};
		9F49A95928DE058500CF32B0 /* LaunchScreen.storyboard */ = {
			isa = PBXVariantGroup;
			children = (
				9F49A95A28DE058500CF32B0 /* Base */,
			);
			name = LaunchScreen.storyboard;
			sourceTree = "<group>";
		};
		9FB98E68291026B1005EE410 /* FamilyMemberCell.swift */ = {
			isa = PBXVariantGroup;
			children = (
				9FB98E69291026B1005EE410 /* Base */,
			);
			name = FamilyMemberCell.swift;
			sourceTree = "<group>";
		};
/* End PBXVariantGroup section */

/* Begin XCBuildConfiguration section */
		9F49A97328DE058500CF32B0 /* Debug */ = {
			isa = XCBuildConfiguration;
			buildSettings = {
				ALWAYS_SEARCH_USER_PATHS = NO;
				CLANG_ANALYZER_NONNULL = YES;
				CLANG_ANALYZER_NUMBER_OBJECT_CONVERSION = YES_AGGRESSIVE;
				CLANG_CXX_LANGUAGE_STANDARD = "gnu++17";
				CLANG_ENABLE_MODULES = YES;
				CLANG_ENABLE_OBJC_ARC = YES;
				CLANG_ENABLE_OBJC_WEAK = YES;
				CLANG_WARN_BLOCK_CAPTURE_AUTORELEASING = YES;
				CLANG_WARN_BOOL_CONVERSION = YES;
				CLANG_WARN_COMMA = YES;
				CLANG_WARN_CONSTANT_CONVERSION = YES;
				CLANG_WARN_DEPRECATED_OBJC_IMPLEMENTATIONS = YES;
				CLANG_WARN_DIRECT_OBJC_ISA_USAGE = YES_ERROR;
				CLANG_WARN_DOCUMENTATION_COMMENTS = YES;
				CLANG_WARN_EMPTY_BODY = YES;
				CLANG_WARN_ENUM_CONVERSION = YES;
				CLANG_WARN_INFINITE_RECURSION = YES;
				CLANG_WARN_INT_CONVERSION = YES;
				CLANG_WARN_NON_LITERAL_NULL_CONVERSION = YES;
				CLANG_WARN_OBJC_IMPLICIT_RETAIN_SELF = YES;
				CLANG_WARN_OBJC_LITERAL_CONVERSION = YES;
				CLANG_WARN_OBJC_ROOT_CLASS = YES_ERROR;
				CLANG_WARN_QUOTED_INCLUDE_IN_FRAMEWORK_HEADER = YES;
				CLANG_WARN_RANGE_LOOP_ANALYSIS = YES;
				CLANG_WARN_STRICT_PROTOTYPES = YES;
				CLANG_WARN_SUSPICIOUS_MOVE = YES;
				CLANG_WARN_UNGUARDED_AVAILABILITY = YES_AGGRESSIVE;
				CLANG_WARN_UNREACHABLE_CODE = YES;
				CLANG_WARN__DUPLICATE_METHOD_MATCH = YES;
				COPY_PHASE_STRIP = NO;
				DEBUG_INFORMATION_FORMAT = dwarf;
				ENABLE_STRICT_OBJC_MSGSEND = YES;
				ENABLE_TESTABILITY = YES;
				GCC_C_LANGUAGE_STANDARD = gnu11;
				GCC_DYNAMIC_NO_PIC = NO;
				GCC_NO_COMMON_BLOCKS = YES;
				GCC_OPTIMIZATION_LEVEL = 0;
				GCC_PREPROCESSOR_DEFINITIONS = (
					"DEBUG=1",
					"$(inherited)",
				);
				GCC_WARN_64_TO_32_BIT_CONVERSION = YES;
				GCC_WARN_ABOUT_RETURN_TYPE = YES_ERROR;
				GCC_WARN_UNDECLARED_SELECTOR = YES;
				GCC_WARN_UNINITIALIZED_AUTOS = YES_AGGRESSIVE;
				GCC_WARN_UNUSED_FUNCTION = YES;
				GCC_WARN_UNUSED_VARIABLE = YES;
				IPHONEOS_DEPLOYMENT_TARGET = 15.5;
				MTL_ENABLE_DEBUG_INFO = INCLUDE_SOURCE;
				MTL_FAST_MATH = YES;
				ONLY_ACTIVE_ARCH = YES;
				SDKROOT = iphoneos;
				SWIFT_ACTIVE_COMPILATION_CONDITIONS = DEBUG;
				SWIFT_OPTIMIZATION_LEVEL = "-Onone";
			};
			name = Debug;
		};
		9F49A97428DE058500CF32B0 /* Release */ = {
			isa = XCBuildConfiguration;
			buildSettings = {
				ALWAYS_SEARCH_USER_PATHS = NO;
				CLANG_ANALYZER_NONNULL = YES;
				CLANG_ANALYZER_NUMBER_OBJECT_CONVERSION = YES_AGGRESSIVE;
				CLANG_CXX_LANGUAGE_STANDARD = "gnu++17";
				CLANG_ENABLE_MODULES = YES;
				CLANG_ENABLE_OBJC_ARC = YES;
				CLANG_ENABLE_OBJC_WEAK = YES;
				CLANG_WARN_BLOCK_CAPTURE_AUTORELEASING = YES;
				CLANG_WARN_BOOL_CONVERSION = YES;
				CLANG_WARN_COMMA = YES;
				CLANG_WARN_CONSTANT_CONVERSION = YES;
				CLANG_WARN_DEPRECATED_OBJC_IMPLEMENTATIONS = YES;
				CLANG_WARN_DIRECT_OBJC_ISA_USAGE = YES_ERROR;
				CLANG_WARN_DOCUMENTATION_COMMENTS = YES;
				CLANG_WARN_EMPTY_BODY = YES;
				CLANG_WARN_ENUM_CONVERSION = YES;
				CLANG_WARN_INFINITE_RECURSION = YES;
				CLANG_WARN_INT_CONVERSION = YES;
				CLANG_WARN_NON_LITERAL_NULL_CONVERSION = YES;
				CLANG_WARN_OBJC_IMPLICIT_RETAIN_SELF = YES;
				CLANG_WARN_OBJC_LITERAL_CONVERSION = YES;
				CLANG_WARN_OBJC_ROOT_CLASS = YES_ERROR;
				CLANG_WARN_QUOTED_INCLUDE_IN_FRAMEWORK_HEADER = YES;
				CLANG_WARN_RANGE_LOOP_ANALYSIS = YES;
				CLANG_WARN_STRICT_PROTOTYPES = YES;
				CLANG_WARN_SUSPICIOUS_MOVE = YES;
				CLANG_WARN_UNGUARDED_AVAILABILITY = YES_AGGRESSIVE;
				CLANG_WARN_UNREACHABLE_CODE = YES;
				CLANG_WARN__DUPLICATE_METHOD_MATCH = YES;
				COPY_PHASE_STRIP = NO;
				DEBUG_INFORMATION_FORMAT = "dwarf-with-dsym";
				ENABLE_NS_ASSERTIONS = NO;
				ENABLE_STRICT_OBJC_MSGSEND = YES;
				GCC_C_LANGUAGE_STANDARD = gnu11;
				GCC_NO_COMMON_BLOCKS = YES;
				GCC_WARN_64_TO_32_BIT_CONVERSION = YES;
				GCC_WARN_ABOUT_RETURN_TYPE = YES_ERROR;
				GCC_WARN_UNDECLARED_SELECTOR = YES;
				GCC_WARN_UNINITIALIZED_AUTOS = YES_AGGRESSIVE;
				GCC_WARN_UNUSED_FUNCTION = YES;
				GCC_WARN_UNUSED_VARIABLE = YES;
				IPHONEOS_DEPLOYMENT_TARGET = 15.5;
				MTL_ENABLE_DEBUG_INFO = NO;
				MTL_FAST_MATH = YES;
				ONLY_ACTIVE_ARCH = YES;
				SDKROOT = iphoneos;
				SWIFT_COMPILATION_MODE = wholemodule;
				SWIFT_OPTIMIZATION_LEVEL = "-O";
				VALIDATE_PRODUCT = YES;
			};
			name = Release;
		};
		9F49A97628DE058500CF32B0 /* Debug */ = {
			isa = XCBuildConfiguration;
			buildSettings = {
				ASSETCATALOG_COMPILER_APPICON_NAME = AppIcon;
				ASSETCATALOG_COMPILER_GLOBAL_ACCENT_COLOR_NAME = AccentColor;
				CODE_SIGN_STYLE = Automatic;
				CURRENT_PROJECT_VERSION = 1;
				DEVELOPMENT_TEAM = 9QUPJTJNU5;
				GENERATE_INFOPLIST_FILE = YES;
				INFOPLIST_FILE = familyIntroduction/Info.plist;
				INFOPLIST_KEY_UIApplicationSupportsIndirectInputEvents = YES;
				INFOPLIST_KEY_UILaunchStoryboardName = LaunchScreen;
				INFOPLIST_KEY_UIMainStoryboardFile = Main;
				INFOPLIST_KEY_UISupportedInterfaceOrientations_iPad = "UIInterfaceOrientationPortrait UIInterfaceOrientationPortraitUpsideDown UIInterfaceOrientationLandscapeLeft UIInterfaceOrientationLandscapeRight";
				INFOPLIST_KEY_UISupportedInterfaceOrientations_iPhone = "UIInterfaceOrientationPortrait UIInterfaceOrientationLandscapeLeft UIInterfaceOrientationLandscapeRight";
				LD_RUNPATH_SEARCH_PATHS = (
					"$(inherited)",
					"@executable_path/Frameworks",
				);
				MARKETING_VERSION = 1.0;
				PRODUCT_BUNDLE_IDENTIFIER = self.familyIntroduction;
				PRODUCT_NAME = "$(TARGET_NAME)";
				SWIFT_EMIT_LOC_STRINGS = YES;
				SWIFT_VERSION = 5.0;
				TARGETED_DEVICE_FAMILY = "1,2";
			};
			name = Debug;
		};
		9F49A97728DE058500CF32B0 /* Release */ = {
			isa = XCBuildConfiguration;
			buildSettings = {
				ASSETCATALOG_COMPILER_APPICON_NAME = AppIcon;
				ASSETCATALOG_COMPILER_GLOBAL_ACCENT_COLOR_NAME = AccentColor;
				CODE_SIGN_STYLE = Automatic;
				CURRENT_PROJECT_VERSION = 1;
				DEVELOPMENT_TEAM = 9QUPJTJNU5;
				GENERATE_INFOPLIST_FILE = YES;
				INFOPLIST_FILE = familyIntroduction/Info.plist;
				INFOPLIST_KEY_UIApplicationSupportsIndirectInputEvents = YES;
				INFOPLIST_KEY_UILaunchStoryboardName = LaunchScreen;
				INFOPLIST_KEY_UIMainStoryboardFile = Main;
				INFOPLIST_KEY_UISupportedInterfaceOrientations_iPad = "UIInterfaceOrientationPortrait UIInterfaceOrientationPortraitUpsideDown UIInterfaceOrientationLandscapeLeft UIInterfaceOrientationLandscapeRight";
				INFOPLIST_KEY_UISupportedInterfaceOrientations_iPhone = "UIInterfaceOrientationPortrait UIInterfaceOrientationLandscapeLeft UIInterfaceOrientationLandscapeRight";
				LD_RUNPATH_SEARCH_PATHS = (
					"$(inherited)",
					"@executable_path/Frameworks",
				);
				MARKETING_VERSION = 1.0;
				PRODUCT_BUNDLE_IDENTIFIER = self.familyIntroduction;
				PRODUCT_NAME = "$(TARGET_NAME)";
				SWIFT_EMIT_LOC_STRINGS = YES;
				SWIFT_VERSION = 5.0;
				TARGETED_DEVICE_FAMILY = "1,2";
			};
			name = Release;
		};
		9F49A97928DE058500CF32B0 /* Debug */ = {
			isa = XCBuildConfiguration;
			buildSettings = {
				ALWAYS_EMBED_SWIFT_STANDARD_LIBRARIES = YES;
				BUNDLE_LOADER = "$(TEST_HOST)";
				CODE_SIGN_STYLE = Automatic;
				CURRENT_PROJECT_VERSION = 1;
				DEVELOPMENT_TEAM = 9QUPJTJNU5;
				GENERATE_INFOPLIST_FILE = YES;
				IPHONEOS_DEPLOYMENT_TARGET = 15.5;
				MARKETING_VERSION = 1.0;
				PRODUCT_BUNDLE_IDENTIFIER = self.familyIntroductionTests;
				PRODUCT_NAME = "$(TARGET_NAME)";
				SWIFT_EMIT_LOC_STRINGS = NO;
				SWIFT_VERSION = 5.0;
				TARGETED_DEVICE_FAMILY = "1,2";
				TEST_HOST = "$(BUILT_PRODUCTS_DIR)/familyIntroduction.app/familyIntroduction";
			};
			name = Debug;
		};
		9F49A97A28DE058500CF32B0 /* Release */ = {
			isa = XCBuildConfiguration;
			buildSettings = {
				ALWAYS_EMBED_SWIFT_STANDARD_LIBRARIES = YES;
				BUNDLE_LOADER = "$(TEST_HOST)";
				CODE_SIGN_STYLE = Automatic;
				CURRENT_PROJECT_VERSION = 1;
				DEVELOPMENT_TEAM = 9QUPJTJNU5;
				GENERATE_INFOPLIST_FILE = YES;
				IPHONEOS_DEPLOYMENT_TARGET = 15.5;
				MARKETING_VERSION = 1.0;
				PRODUCT_BUNDLE_IDENTIFIER = self.familyIntroductionTests;
				PRODUCT_NAME = "$(TARGET_NAME)";
				SWIFT_EMIT_LOC_STRINGS = NO;
				SWIFT_VERSION = 5.0;
				TARGETED_DEVICE_FAMILY = "1,2";
				TEST_HOST = "$(BUILT_PRODUCTS_DIR)/familyIntroduction.app/familyIntroduction";
			};
			name = Release;
		};
		9F49A97C28DE058500CF32B0 /* Debug */ = {
			isa = XCBuildConfiguration;
			buildSettings = {
				ALWAYS_EMBED_SWIFT_STANDARD_LIBRARIES = YES;
				CODE_SIGN_STYLE = Automatic;
				CURRENT_PROJECT_VERSION = 1;
				DEVELOPMENT_TEAM = 9QUPJTJNU5;
				GENERATE_INFOPLIST_FILE = YES;
				MARKETING_VERSION = 1.0;
				PRODUCT_BUNDLE_IDENTIFIER = self.familyIntroductionUITests;
				PRODUCT_NAME = "$(TARGET_NAME)";
				SWIFT_EMIT_LOC_STRINGS = NO;
				SWIFT_VERSION = 5.0;
				TARGETED_DEVICE_FAMILY = "1,2";
				TEST_TARGET_NAME = familyIntroduction;
			};
			name = Debug;
		};
		9F49A97D28DE058500CF32B0 /* Release */ = {
			isa = XCBuildConfiguration;
			buildSettings = {
				ALWAYS_EMBED_SWIFT_STANDARD_LIBRARIES = YES;
				CODE_SIGN_STYLE = Automatic;
				CURRENT_PROJECT_VERSION = 1;
				DEVELOPMENT_TEAM = 9QUPJTJNU5;
				GENERATE_INFOPLIST_FILE = YES;
				MARKETING_VERSION = 1.0;
				PRODUCT_BUNDLE_IDENTIFIER = self.familyIntroductionUITests;
				PRODUCT_NAME = "$(TARGET_NAME)";
				SWIFT_EMIT_LOC_STRINGS = NO;
				SWIFT_VERSION = 5.0;
				TARGETED_DEVICE_FAMILY = "1,2";
				TEST_TARGET_NAME = familyIntroduction;
			};
			name = Release;
		};
/* End XCBuildConfiguration section */

/* Begin XCConfigurationList section */
		9F49A94628DE058400CF32B0 /* Build configuration list for PBXProject "familyIntroduction" */ = {
			isa = XCConfigurationList;
			buildConfigurations = (
				9F49A97328DE058500CF32B0 /* Debug */,
				9F49A97428DE058500CF32B0 /* Release */,
			);
			defaultConfigurationIsVisible = 0;
			defaultConfigurationName = Release;
		};
		9F49A97528DE058500CF32B0 /* Build configuration list for PBXNativeTarget "familyIntroduction" */ = {
			isa = XCConfigurationList;
			buildConfigurations = (
				9F49A97628DE058500CF32B0 /* Debug */,
				9F49A97728DE058500CF32B0 /* Release */,
			);
			defaultConfigurationIsVisible = 0;
			defaultConfigurationName = Release;
		};
		9F49A97828DE058500CF32B0 /* Build configuration list for PBXNativeTarget "familyIntroductionTests" */ = {
			isa = XCConfigurationList;
			buildConfigurations = (
				9F49A97928DE058500CF32B0 /* Debug */,
				9F49A97A28DE058500CF32B0 /* Release */,
			);
			defaultConfigurationIsVisible = 0;
			defaultConfigurationName = Release;
		};
		9F49A97B28DE058500CF32B0 /* Build configuration list for PBXNativeTarget "familyIntroductionUITests" */ = {
			isa = XCConfigurationList;
			buildConfigurations = (
				9F49A97C28DE058500CF32B0 /* Debug */,
				9F49A97D28DE058500CF32B0 /* Release */,
			);
			defaultConfigurationIsVisible = 0;
			defaultConfigurationName = Release;
		};
/* End XCConfigurationList section */
	};
	rootObject = 9F49A94328DE058400CF32B0 /* Project object */;
}
