// !$*UTF8*$!
{
	archiveVersion = 1;
	classes = {
	};
	objectVersion = 55;
	objects = {

/* Begin PBXBuildFile section */
		9F0CC0EF28D8B1CA000DFEB4 /* AppDelegate.swift in Sources */ = {isa = PBXBuildFile; fileRef = 9F0CC0EE28D8B1CA000DFEB4 /* AppDelegate.swift */; };
		9F0CC0F128D8B1CA000DFEB4 /* SceneDelegate.swift in Sources */ = {isa = PBXBuildFile; fileRef = 9F0CC0F028D8B1CA000DFEB4 /* SceneDelegate.swift */; };
		9F0CC0F328D8B1CA000DFEB4 /* ViewController.swift in Sources */ = {isa = PBXBuildFile; fileRef = 9F0CC0F228D8B1CA000DFEB4 /* ViewController.swift */; };
		9F0CC0F628D8B1CA000DFEB4 /* Main.storyboard in Resources */ = {isa = PBXBuildFile; fileRef = 9F0CC0F428D8B1CA000DFEB4 /* Main.storyboard */; };
		9F0CC0F828D8B1CB000DFEB4 /* Assets.xcassets in Resources */ = {isa = PBXBuildFile; fileRef = 9F0CC0F728D8B1CB000DFEB4 /* Assets.xcassets */; };
		9F0CC0FB28D8B1CC000DFEB4 /* LaunchScreen.storyboard in Resources */ = {isa = PBXBuildFile; fileRef = 9F0CC0F928D8B1CC000DFEB4 /* LaunchScreen.storyboard */; };
		9F0CC10628D8B1CC000DFEB4 /* orderOfEventsTests.swift in Sources */ = {isa = PBXBuildFile; fileRef = 9F0CC10528D8B1CC000DFEB4 /* orderOfEventsTests.swift */; };
		9F0CC11028D8B1CC000DFEB4 /* orderOfEventsUITests.swift in Sources */ = {isa = PBXBuildFile; fileRef = 9F0CC10F28D8B1CC000DFEB4 /* orderOfEventsUITests.swift */; };
		9F0CC11228D8B1CC000DFEB4 /* orderOfEventsUITestsLaunchTests.swift in Sources */ = {isa = PBXBuildFile; fileRef = 9F0CC11128D8B1CC000DFEB4 /* orderOfEventsUITestsLaunchTests.swift */; };
		9FCD826528D8BF01002EC20B /* MiddleViewController.swift in Sources */ = {isa = PBXBuildFile; fileRef = 9FCD826428D8BF01002EC20B /* MiddleViewController.swift */; };
		9FCD826728D8BF0C002EC20B /* LastViewController.swift in Sources */ = {isa = PBXBuildFile; fileRef = 9FCD826628D8BF0C002EC20B /* LastViewController.swift */; };
/* End PBXBuildFile section */

/* Begin PBXContainerItemProxy section */
		9F0CC10228D8B1CC000DFEB4 /* PBXContainerItemProxy */ = {
			isa = PBXContainerItemProxy;
			containerPortal = 9F0CC0E328D8B1CA000DFEB4 /* Project object */;
			proxyType = 1;
			remoteGlobalIDString = 9F0CC0EA28D8B1CA000DFEB4;
			remoteInfo = orderOfEvents;
		};
		9F0CC10C28D8B1CC000DFEB4 /* PBXContainerItemProxy */ = {
			isa = PBXContainerItemProxy;
			containerPortal = 9F0CC0E328D8B1CA000DFEB4 /* Project object */;
			proxyType = 1;
			remoteGlobalIDString = 9F0CC0EA28D8B1CA000DFEB4;
			remoteInfo = orderOfEvents;
		};
/* End PBXContainerItemProxy section */

/* Begin PBXFileReference section */
		9F0CC0EB28D8B1CA000DFEB4 /* orderOfEvents.app */ = {isa = PBXFileReference; explicitFileType = wrapper.application; includeInIndex = 0; path = orderOfEvents.app; sourceTree = BUILT_PRODUCTS_DIR; };
		9F0CC0EE28D8B1CA000DFEB4 /* AppDelegate.swift */ = {isa = PBXFileReference; lastKnownFileType = sourcecode.swift; path = AppDelegate.swift; sourceTree = "<group>"; };
		9F0CC0F028D8B1CA000DFEB4 /* SceneDelegate.swift */ = {isa = PBXFileReference; lastKnownFileType = sourcecode.swift; path = SceneDelegate.swift; sourceTree = "<group>"; };
		9F0CC0F228D8B1CA000DFEB4 /* ViewController.swift */ = {isa = PBXFileReference; lastKnownFileType = sourcecode.swift; path = ViewController.swift; sourceTree = "<group>"; };
		9F0CC0F528D8B1CA000DFEB4 /* Base */ = {isa = PBXFileReference; lastKnownFileType = file.storyboard; name = Base; path = Base.lproj/Main.storyboard; sourceTree = "<group>"; };
		9F0CC0F728D8B1CB000DFEB4 /* Assets.xcassets */ = {isa = PBXFileReference; lastKnownFileType = folder.assetcatalog; path = Assets.xcassets; sourceTree = "<group>"; };
		9F0CC0FA28D8B1CC000DFEB4 /* Base */ = {isa = PBXFileReference; lastKnownFileType = file.storyboard; name = Base; path = Base.lproj/LaunchScreen.storyboard; sourceTree = "<group>"; };
		9F0CC0FC28D8B1CC000DFEB4 /* Info.plist */ = {isa = PBXFileReference; lastKnownFileType = text.plist.xml; path = Info.plist; sourceTree = "<group>"; };
		9F0CC10128D8B1CC000DFEB4 /* orderOfEventsTests.xctest */ = {isa = PBXFileReference; explicitFileType = wrapper.cfbundle; includeInIndex = 0; path = orderOfEventsTests.xctest; sourceTree = BUILT_PRODUCTS_DIR; };
		9F0CC10528D8B1CC000DFEB4 /* orderOfEventsTests.swift */ = {isa = PBXFileReference; lastKnownFileType = sourcecode.swift; path = orderOfEventsTests.swift; sourceTree = "<group>"; };
		9F0CC10B28D8B1CC000DFEB4 /* orderOfEventsUITests.xctest */ = {isa = PBXFileReference; explicitFileType = wrapper.cfbundle; includeInIndex = 0; path = orderOfEventsUITests.xctest; sourceTree = BUILT_PRODUCTS_DIR; };
		9F0CC10F28D8B1CC000DFEB4 /* orderOfEventsUITests.swift */ = {isa = PBXFileReference; lastKnownFileType = sourcecode.swift; path = orderOfEventsUITests.swift; sourceTree = "<group>"; };
		9F0CC11128D8B1CC000DFEB4 /* orderOfEventsUITestsLaunchTests.swift */ = {isa = PBXFileReference; lastKnownFileType = sourcecode.swift; path = orderOfEventsUITestsLaunchTests.swift; sourceTree = "<group>"; };
		9FCD826428D8BF01002EC20B /* MiddleViewController.swift */ = {isa = PBXFileReference; lastKnownFileType = sourcecode.swift; name = MiddleViewController.swift; path = Assets.xcassets/MiddleViewController.swift; sourceTree = "<group>"; };
		9FCD826628D8BF0C002EC20B /* LastViewController.swift */ = {isa = PBXFileReference; lastKnownFileType = sourcecode.swift; path = LastViewController.swift; sourceTree = "<group>"; };
/* End PBXFileReference section */

/* Begin PBXFrameworksBuildPhase section */
		9F0CC0E828D8B1CA000DFEB4 /* Frameworks */ = {
			isa = PBXFrameworksBuildPhase;
			buildActionMask = 2147483647;
			files = (
			);
			runOnlyForDeploymentPostprocessing = 0;
		};
		9F0CC0FE28D8B1CC000DFEB4 /* Frameworks */ = {
			isa = PBXFrameworksBuildPhase;
			buildActionMask = 2147483647;
			files = (
			);
			runOnlyForDeploymentPostprocessing = 0;
		};
		9F0CC10828D8B1CC000DFEB4 /* Frameworks */ = {
			isa = PBXFrameworksBuildPhase;
			buildActionMask = 2147483647;
			files = (
			);
			runOnlyForDeploymentPostprocessing = 0;
		};
/* End PBXFrameworksBuildPhase section */

/* Begin PBXGroup section */
		9F0CC0E228D8B1CA000DFEB4 = {
			isa = PBXGroup;
			children = (
				9F0CC0ED28D8B1CA000DFEB4 /* orderOfEvents */,
				9F0CC10428D8B1CC000DFEB4 /* orderOfEventsTests */,
				9F0CC10E28D8B1CC000DFEB4 /* orderOfEventsUITests */,
				9F0CC0EC28D8B1CA000DFEB4 /* Products */,
			);
			sourceTree = "<group>";
		};
		9F0CC0EC28D8B1CA000DFEB4 /* Products */ = {
			isa = PBXGroup;
			children = (
				9F0CC0EB28D8B1CA000DFEB4 /* orderOfEvents.app */,
				9F0CC10128D8B1CC000DFEB4 /* orderOfEventsTests.xctest */,
				9F0CC10B28D8B1CC000DFEB4 /* orderOfEventsUITests.xctest */,
			);
			name = Products;
			sourceTree = "<group>";
		};
		9F0CC0ED28D8B1CA000DFEB4 /* orderOfEvents */ = {
			isa = PBXGroup;
			children = (
				9F0CC0EE28D8B1CA000DFEB4 /* AppDelegate.swift */,
				9F0CC0F028D8B1CA000DFEB4 /* SceneDelegate.swift */,
				9F0CC0F228D8B1CA000DFEB4 /* ViewController.swift */,
				9F0CC0F428D8B1CA000DFEB4 /* Main.storyboard */,
				9FCD826628D8BF0C002EC20B /* LastViewController.swift */,
				9FCD826428D8BF01002EC20B /* MiddleViewController.swift */,
				9F0CC0F728D8B1CB000DFEB4 /* Assets.xcassets */,
				9F0CC0F928D8B1CC000DFEB4 /* LaunchScreen.storyboard */,
				9F0CC0FC28D8B1CC000DFEB4 /* Info.plist */,
			);
			path = orderOfEvents;
			sourceTree = "<group>";
		};
		9F0CC10428D8B1CC000DFEB4 /* orderOfEventsTests */ = {
			isa = PBXGroup;
			children = (
				9F0CC10528D8B1CC000DFEB4 /* orderOfEventsTests.swift */,
			);
			path = orderOfEventsTests;
			sourceTree = "<group>";
		};
		9F0CC10E28D8B1CC000DFEB4 /* orderOfEventsUITests */ = {
			isa = PBXGroup;
			children = (
				9F0CC10F28D8B1CC000DFEB4 /* orderOfEventsUITests.swift */,
				9F0CC11128D8B1CC000DFEB4 /* orderOfEventsUITestsLaunchTests.swift */,
			);
			path = orderOfEventsUITests;
			sourceTree = "<group>";
		};
/* End PBXGroup section */

/* Begin PBXNativeTarget section */
		9F0CC0EA28D8B1CA000DFEB4 /* orderOfEvents */ = {
			isa = PBXNativeTarget;
			buildConfigurationList = 9F0CC11528D8B1CC000DFEB4 /* Build configuration list for PBXNativeTarget "orderOfEvents" */;
			buildPhases = (
				9F0CC0E728D8B1CA000DFEB4 /* Sources */,
				9F0CC0E828D8B1CA000DFEB4 /* Frameworks */,
				9F0CC0E928D8B1CA000DFEB4 /* Resources */,
			);
			buildRules = (
			);
			dependencies = (
			);
			name = orderOfEvents;
			productName = orderOfEvents;
			productReference = 9F0CC0EB28D8B1CA000DFEB4 /* orderOfEvents.app */;
			productType = "com.apple.product-type.application";
		};
		9F0CC10028D8B1CC000DFEB4 /* orderOfEventsTests */ = {
			isa = PBXNativeTarget;
			buildConfigurationList = 9F0CC11828D8B1CC000DFEB4 /* Build configuration list for PBXNativeTarget "orderOfEventsTests" */;
			buildPhases = (
				9F0CC0FD28D8B1CC000DFEB4 /* Sources */,
				9F0CC0FE28D8B1CC000DFEB4 /* Frameworks */,
				9F0CC0FF28D8B1CC000DFEB4 /* Resources */,
			);
			buildRules = (
			);
			dependencies = (
				9F0CC10328D8B1CC000DFEB4 /* PBXTargetDependency */,
			);
			name = orderOfEventsTests;
			productName = orderOfEventsTests;
			productReference = 9F0CC10128D8B1CC000DFEB4 /* orderOfEventsTests.xctest */;
			productType = "com.apple.product-type.bundle.unit-test";
		};
		9F0CC10A28D8B1CC000DFEB4 /* orderOfEventsUITests */ = {
			isa = PBXNativeTarget;
			buildConfigurationList = 9F0CC11B28D8B1CC000DFEB4 /* Build configuration list for PBXNativeTarget "orderOfEventsUITests" */;
			buildPhases = (
				9F0CC10728D8B1CC000DFEB4 /* Sources */,
				9F0CC10828D8B1CC000DFEB4 /* Frameworks */,
				9F0CC10928D8B1CC000DFEB4 /* Resources */,
			);
			buildRules = (
			);
			dependencies = (
				9F0CC10D28D8B1CC000DFEB4 /* PBXTargetDependency */,
			);
			name = orderOfEventsUITests;
			productName = orderOfEventsUITests;
			productReference = 9F0CC10B28D8B1CC000DFEB4 /* orderOfEventsUITests.xctest */;
			productType = "com.apple.product-type.bundle.ui-testing";
		};
/* End PBXNativeTarget section */

/* Begin PBXProject section */
		9F0CC0E328D8B1CA000DFEB4 /* Project object */ = {
			isa = PBXProject;
			attributes = {
				BuildIndependentTargetsInParallel = 1;
				LastSwiftUpdateCheck = 1340;
				LastUpgradeCheck = 1340;
				TargetAttributes = {
					9F0CC0EA28D8B1CA000DFEB4 = {
						CreatedOnToolsVersion = 13.4.1;
					};
					9F0CC10028D8B1CC000DFEB4 = {
						CreatedOnToolsVersion = 13.4.1;
						TestTargetID = 9F0CC0EA28D8B1CA000DFEB4;
					};
					9F0CC10A28D8B1CC000DFEB4 = {
						CreatedOnToolsVersion = 13.4.1;
						TestTargetID = 9F0CC0EA28D8B1CA000DFEB4;
					};
				};
			};
			buildConfigurationList = 9F0CC0E628D8B1CA000DFEB4 /* Build configuration list for PBXProject "orderOfEvents" */;
			compatibilityVersion = "Xcode 13.0";
			developmentRegion = en;
			hasScannedForEncodings = 0;
			knownRegions = (
				en,
				Base,
			);
			mainGroup = 9F0CC0E228D8B1CA000DFEB4;
			productRefGroup = 9F0CC0EC28D8B1CA000DFEB4 /* Products */;
			projectDirPath = "";
			projectRoot = "";
			targets = (
				9F0CC0EA28D8B1CA000DFEB4 /* orderOfEvents */,
				9F0CC10028D8B1CC000DFEB4 /* orderOfEventsTests */,
				9F0CC10A28D8B1CC000DFEB4 /* orderOfEventsUITests */,
			);
		};
/* End PBXProject section */

/* Begin PBXResourcesBuildPhase section */
		9F0CC0E928D8B1CA000DFEB4 /* Resources */ = {
			isa = PBXResourcesBuildPhase;
			buildActionMask = 2147483647;
			files = (
				9F0CC0FB28D8B1CC000DFEB4 /* LaunchScreen.storyboard in Resources */,
				9F0CC0F828D8B1CB000DFEB4 /* Assets.xcassets in Resources */,
				9F0CC0F628D8B1CA000DFEB4 /* Main.storyboard in Resources */,
			);
			runOnlyForDeploymentPostprocessing = 0;
		};
		9F0CC0FF28D8B1CC000DFEB4 /* Resources */ = {
			isa = PBXResourcesBuildPhase;
			buildActionMask = 2147483647;
			files = (
			);
			runOnlyForDeploymentPostprocessing = 0;
		};
		9F0CC10928D8B1CC000DFEB4 /* Resources */ = {
			isa = PBXResourcesBuildPhase;
			buildActionMask = 2147483647;
			files = (
			);
			runOnlyForDeploymentPostprocessing = 0;
		};
/* End PBXResourcesBuildPhase section */

/* Begin PBXSourcesBuildPhase section */
		9F0CC0E728D8B1CA000DFEB4 /* Sources */ = {
			isa = PBXSourcesBuildPhase;
			buildActionMask = 2147483647;
			files = (
				9F0CC0F328D8B1CA000DFEB4 /* ViewController.swift in Sources */,
				9FCD826728D8BF0C002EC20B /* LastViewController.swift in Sources */,
				9F0CC0EF28D8B1CA000DFEB4 /* AppDelegate.swift in Sources */,
				9F0CC0F128D8B1CA000DFEB4 /* SceneDelegate.swift in Sources */,
				9FCD826528D8BF01002EC20B /* MiddleViewController.swift in Sources */,
			);
			runOnlyForDeploymentPostprocessing = 0;
		};
		9F0CC0FD28D8B1CC000DFEB4 /* Sources */ = {
			isa = PBXSourcesBuildPhase;
			buildActionMask = 2147483647;
			files = (
				9F0CC10628D8B1CC000DFEB4 /* orderOfEventsTests.swift in Sources */,
			);
			runOnlyForDeploymentPostprocessing = 0;
		};
		9F0CC10728D8B1CC000DFEB4 /* Sources */ = {
			isa = PBXSourcesBuildPhase;
			buildActionMask = 2147483647;
			files = (
				9F0CC11028D8B1CC000DFEB4 /* orderOfEventsUITests.swift in Sources */,
				9F0CC11228D8B1CC000DFEB4 /* orderOfEventsUITestsLaunchTests.swift in Sources */,
			);
			runOnlyForDeploymentPostprocessing = 0;
		};
/* End PBXSourcesBuildPhase section */

/* Begin PBXTargetDependency section */
		9F0CC10328D8B1CC000DFEB4 /* PBXTargetDependency */ = {
			isa = PBXTargetDependency;
			target = 9F0CC0EA28D8B1CA000DFEB4 /* orderOfEvents */;
			targetProxy = 9F0CC10228D8B1CC000DFEB4 /* PBXContainerItemProxy */;
		};
		9F0CC10D28D8B1CC000DFEB4 /* PBXTargetDependency */ = {
			isa = PBXTargetDependency;
			target = 9F0CC0EA28D8B1CA000DFEB4 /* orderOfEvents */;
			targetProxy = 9F0CC10C28D8B1CC000DFEB4 /* PBXContainerItemProxy */;
		};
/* End PBXTargetDependency section */

/* Begin PBXVariantGroup section */
		9F0CC0F428D8B1CA000DFEB4 /* Main.storyboard */ = {
			isa = PBXVariantGroup;
			children = (
				9F0CC0F528D8B1CA000DFEB4 /* Base */,
			);
			name = Main.storyboard;
			sourceTree = "<group>";
		};
		9F0CC0F928D8B1CC000DFEB4 /* LaunchScreen.storyboard */ = {
			isa = PBXVariantGroup;
			children = (
				9F0CC0FA28D8B1CC000DFEB4 /* Base */,
			);
			name = LaunchScreen.storyboard;
			sourceTree = "<group>";
		};
/* End PBXVariantGroup section */

/* Begin XCBuildConfiguration section */
		9F0CC11328D8B1CC000DFEB4 /* Debug */ = {
			isa = XCBuildConfiguration;
			buildSettings = {
				ALWAYS_SEARCH_USER_PATHS = NO;
				CLANG_ANALYZER_NONNULL = YES;
				CLANG_ANALYZER_NUMBER_OBJECT_CONVERSION = YES_AGGRESSIVE;
				CLANG_CXX_LANGUAGE_STANDARD = "gnu++17";
				CLANG_ENABLE_MODULES = YES;
				CLANG_ENABLE_OBJC_ARC = YES;
				CLANG_ENABLE_OBJC_WEAK = YES;
				CLANG_WARN_BLOCK_CAPTURE_AUTORELEASING = YES;
				CLANG_WARN_BOOL_CONVERSION = YES;
				CLANG_WARN_COMMA = YES;
				CLANG_WARN_CONSTANT_CONVERSION = YES;
				CLANG_WARN_DEPRECATED_OBJC_IMPLEMENTATIONS = YES;
				CLANG_WARN_DIRECT_OBJC_ISA_USAGE = YES_ERROR;
				CLANG_WARN_DOCUMENTATION_COMMENTS = YES;
				CLANG_WARN_EMPTY_BODY = YES;
				CLANG_WARN_ENUM_CONVERSION = YES;
				CLANG_WARN_INFINITE_RECURSION = YES;
				CLANG_WARN_INT_CONVERSION = YES;
				CLANG_WARN_NON_LITERAL_NULL_CONVERSION = YES;
				CLANG_WARN_OBJC_IMPLICIT_RETAIN_SELF = YES;
				CLANG_WARN_OBJC_LITERAL_CONVERSION = YES;
				CLANG_WARN_OBJC_ROOT_CLASS = YES_ERROR;
				CLANG_WARN_QUOTED_INCLUDE_IN_FRAMEWORK_HEADER = YES;
				CLANG_WARN_RANGE_LOOP_ANALYSIS = YES;
				CLANG_WARN_STRICT_PROTOTYPES = YES;
				CLANG_WARN_SUSPICIOUS_MOVE = YES;
				CLANG_WARN_UNGUARDED_AVAILABILITY = YES_AGGRESSIVE;
				CLANG_WARN_UNREACHABLE_CODE = YES;
				CLANG_WARN__DUPLICATE_METHOD_MATCH = YES;
				COPY_PHASE_STRIP = NO;
				DEBUG_INFORMATION_FORMAT = dwarf;
				ENABLE_STRICT_OBJC_MSGSEND = YES;
				ENABLE_TESTABILITY = YES;
				GCC_C_LANGUAGE_STANDARD = gnu11;
				GCC_DYNAMIC_NO_PIC = NO;
				GCC_NO_COMMON_BLOCKS = YES;
				GCC_OPTIMIZATION_LEVEL = 0;
				GCC_PREPROCESSOR_DEFINITIONS = (
					"DEBUG=1",
					"$(inherited)",
				);
				GCC_WARN_64_TO_32_BIT_CONVERSION = YES;
				GCC_WARN_ABOUT_RETURN_TYPE = YES_ERROR;
				GCC_WARN_UNDECLARED_SELECTOR = YES;
				GCC_WARN_UNINITIALIZED_AUTOS = YES_AGGRESSIVE;
				GCC_WARN_UNUSED_FUNCTION = YES;
				GCC_WARN_UNUSED_VARIABLE = YES;
				IPHONEOS_DEPLOYMENT_TARGET = 15.5;
				MTL_ENABLE_DEBUG_INFO = INCLUDE_SOURCE;
				MTL_FAST_MATH = YES;
				ONLY_ACTIVE_ARCH = YES;
				SDKROOT = iphoneos;
				SWIFT_ACTIVE_COMPILATION_CONDITIONS = DEBUG;
				SWIFT_OPTIMIZATION_LEVEL = "-Onone";
			};
			name = Debug;
		};
		9F0CC11428D8B1CC000DFEB4 /* Release */ = {
			isa = XCBuildConfiguration;
			buildSettings = {
				ALWAYS_SEARCH_USER_PATHS = NO;
				CLANG_ANALYZER_NONNULL = YES;
				CLANG_ANALYZER_NUMBER_OBJECT_CONVERSION = YES_AGGRESSIVE;
				CLANG_CXX_LANGUAGE_STANDARD = "gnu++17";
				CLANG_ENABLE_MODULES = YES;
				CLANG_ENABLE_OBJC_ARC = YES;
				CLANG_ENABLE_OBJC_WEAK = YES;
				CLANG_WARN_BLOCK_CAPTURE_AUTORELEASING = YES;
				CLANG_WARN_BOOL_CONVERSION = YES;
				CLANG_WARN_COMMA = YES;
				CLANG_WARN_CONSTANT_CONVERSION = YES;
				CLANG_WARN_DEPRECATED_OBJC_IMPLEMENTATIONS = YES;
				CLANG_WARN_DIRECT_OBJC_ISA_USAGE = YES_ERROR;
				CLANG_WARN_DOCUMENTATION_COMMENTS = YES;
				CLANG_WARN_EMPTY_BODY = YES;
				CLANG_WARN_ENUM_CONVERSION = YES;
				CLANG_WARN_INFINITE_RECURSION = YES;
				CLANG_WARN_INT_CONVERSION = YES;
				CLANG_WARN_NON_LITERAL_NULL_CONVERSION = YES;
				CLANG_WARN_OBJC_IMPLICIT_RETAIN_SELF = YES;
				CLANG_WARN_OBJC_LITERAL_CONVERSION = YES;
				CLANG_WARN_OBJC_ROOT_CLASS = YES_ERROR;
				CLANG_WARN_QUOTED_INCLUDE_IN_FRAMEWORK_HEADER = YES;
				CLANG_WARN_RANGE_LOOP_ANALYSIS = YES;
				CLANG_WARN_STRICT_PROTOTYPES = YES;
				CLANG_WARN_SUSPICIOUS_MOVE = YES;
				CLANG_WARN_UNGUARDED_AVAILABILITY = YES_AGGRESSIVE;
				CLANG_WARN_UNREACHABLE_CODE = YES;
				CLANG_WARN__DUPLICATE_METHOD_MATCH = YES;
				COPY_PHASE_STRIP = NO;
				DEBUG_INFORMATION_FORMAT = "dwarf-with-dsym";
				ENABLE_NS_ASSERTIONS = NO;
				ENABLE_STRICT_OBJC_MSGSEND = YES;
				GCC_C_LANGUAGE_STANDARD = gnu11;
				GCC_NO_COMMON_BLOCKS = YES;
				GCC_WARN_64_TO_32_BIT_CONVERSION = YES;
				GCC_WARN_ABOUT_RETURN_TYPE = YES_ERROR;
				GCC_WARN_UNDECLARED_SELECTOR = YES;
				GCC_WARN_UNINITIALIZED_AUTOS = YES_AGGRESSIVE;
				GCC_WARN_UNUSED_FUNCTION = YES;
				GCC_WARN_UNUSED_VARIABLE = YES;
				IPHONEOS_DEPLOYMENT_TARGET = 15.5;
				MTL_ENABLE_DEBUG_INFO = NO;
				MTL_FAST_MATH = YES;
				SDKROOT = iphoneos;
				SWIFT_COMPILATION_MODE = wholemodule;
				SWIFT_OPTIMIZATION_LEVEL = "-O";
				VALIDATE_PRODUCT = YES;
			};
			name = Release;
		};
		9F0CC11628D8B1CC000DFEB4 /* Debug */ = {
			isa = XCBuildConfiguration;
			buildSettings = {
				ASSETCATALOG_COMPILER_APPICON_NAME = AppIcon;
				ASSETCATALOG_COMPILER_GLOBAL_ACCENT_COLOR_NAME = AccentColor;
				CODE_SIGN_STYLE = Automatic;
				CURRENT_PROJECT_VERSION = 1;
				DEVELOPMENT_TEAM = 9QUPJTJNU5;
				GENERATE_INFOPLIST_FILE = YES;
				INFOPLIST_FILE = orderOfEvents/Info.plist;
				INFOPLIST_KEY_UIApplicationSupportsIndirectInputEvents = YES;
				INFOPLIST_KEY_UILaunchStoryboardName = LaunchScreen;
				INFOPLIST_KEY_UIMainStoryboardFile = Main;
				INFOPLIST_KEY_UISupportedInterfaceOrientations_iPad = "UIInterfaceOrientationPortrait UIInterfaceOrientationPortraitUpsideDown UIInterfaceOrientationLandscapeLeft UIInterfaceOrientationLandscapeRight";
				INFOPLIST_KEY_UISupportedInterfaceOrientations_iPhone = "UIInterfaceOrientationPortrait UIInterfaceOrientationLandscapeLeft UIInterfaceOrientationLandscapeRight";
				LD_RUNPATH_SEARCH_PATHS = (
					"$(inherited)",
					"@executable_path/Frameworks",
				);
				MARKETING_VERSION = 1.0;
				PRODUCT_BUNDLE_IDENTIFIER = self.orderOfEvents;
				PRODUCT_NAME = "$(TARGET_NAME)";
				SWIFT_EMIT_LOC_STRINGS = YES;
				SWIFT_VERSION = 5.0;
				TARGETED_DEVICE_FAMILY = "1,2";
			};
			name = Debug;
		};
		9F0CC11728D8B1CC000DFEB4 /* Release */ = {
			isa = XCBuildConfiguration;
			buildSettings = {
				ASSETCATALOG_COMPILER_APPICON_NAME = AppIcon;
				ASSETCATALOG_COMPILER_GLOBAL_ACCENT_COLOR_NAME = AccentColor;
				CODE_SIGN_STYLE = Automatic;
				CURRENT_PROJECT_VERSION = 1;
				DEVELOPMENT_TEAM = 9QUPJTJNU5;
				GENERATE_INFOPLIST_FILE = YES;
				INFOPLIST_FILE = orderOfEvents/Info.plist;
				INFOPLIST_KEY_UIApplicationSupportsIndirectInputEvents = YES;
				INFOPLIST_KEY_UILaunchStoryboardName = LaunchScreen;
				INFOPLIST_KEY_UIMainStoryboardFile = Main;
				INFOPLIST_KEY_UISupportedInterfaceOrientations_iPad = "UIInterfaceOrientationPortrait UIInterfaceOrientationPortraitUpsideDown UIInterfaceOrientationLandscapeLeft UIInterfaceOrientationLandscapeRight";
				INFOPLIST_KEY_UISupportedInterfaceOrientations_iPhone = "UIInterfaceOrientationPortrait UIInterfaceOrientationLandscapeLeft UIInterfaceOrientationLandscapeRight";
				LD_RUNPATH_SEARCH_PATHS = (
					"$(inherited)",
					"@executable_path/Frameworks",
				);
				MARKETING_VERSION = 1.0;
				PRODUCT_BUNDLE_IDENTIFIER = self.orderOfEvents;
				PRODUCT_NAME = "$(TARGET_NAME)";
				SWIFT_EMIT_LOC_STRINGS = YES;
				SWIFT_VERSION = 5.0;
				TARGETED_DEVICE_FAMILY = "1,2";
			};
			name = Release;
		};
		9F0CC11928D8B1CC000DFEB4 /* Debug */ = {
			isa = XCBuildConfiguration;
			buildSettings = {
				ALWAYS_EMBED_SWIFT_STANDARD_LIBRARIES = YES;
				BUNDLE_LOADER = "$(TEST_HOST)";
				CODE_SIGN_STYLE = Automatic;
				CURRENT_PROJECT_VERSION = 1;
				DEVELOPMENT_TEAM = 9QUPJTJNU5;
				GENERATE_INFOPLIST_FILE = YES;
				IPHONEOS_DEPLOYMENT_TARGET = 15.5;
				MARKETING_VERSION = 1.0;
				PRODUCT_BUNDLE_IDENTIFIER = self.orderOfEventsTests;
				PRODUCT_NAME = "$(TARGET_NAME)";
				SWIFT_EMIT_LOC_STRINGS = NO;
				SWIFT_VERSION = 5.0;
				TARGETED_DEVICE_FAMILY = "1,2";
				TEST_HOST = "$(BUILT_PRODUCTS_DIR)/orderOfEvents.app/orderOfEvents";
			};
			name = Debug;
		};
		9F0CC11A28D8B1CC000DFEB4 /* Release */ = {
			isa = XCBuildConfiguration;
			buildSettings = {
				ALWAYS_EMBED_SWIFT_STANDARD_LIBRARIES = YES;
				BUNDLE_LOADER = "$(TEST_HOST)";
				CODE_SIGN_STYLE = Automatic;
				CURRENT_PROJECT_VERSION = 1;
				DEVELOPMENT_TEAM = 9QUPJTJNU5;
				GENERATE_INFOPLIST_FILE = YES;
				IPHONEOS_DEPLOYMENT_TARGET = 15.5;
				MARKETING_VERSION = 1.0;
				PRODUCT_BUNDLE_IDENTIFIER = self.orderOfEventsTests;
				PRODUCT_NAME = "$(TARGET_NAME)";
				SWIFT_EMIT_LOC_STRINGS = NO;
				SWIFT_VERSION = 5.0;
				TARGETED_DEVICE_FAMILY = "1,2";
				TEST_HOST = "$(BUILT_PRODUCTS_DIR)/orderOfEvents.app/orderOfEvents";
			};
			name = Release;
		};
		9F0CC11C28D8B1CC000DFEB4 /* Debug */ = {
			isa = XCBuildConfiguration;
			buildSettings = {
				ALWAYS_EMBED_SWIFT_STANDARD_LIBRARIES = YES;
				CODE_SIGN_STYLE = Automatic;
				CURRENT_PROJECT_VERSION = 1;
				DEVELOPMENT_TEAM = 9QUPJTJNU5;
				GENERATE_INFOPLIST_FILE = YES;
				MARKETING_VERSION = 1.0;
				PRODUCT_BUNDLE_IDENTIFIER = self.orderOfEventsUITests;
				PRODUCT_NAME = "$(TARGET_NAME)";
				SWIFT_EMIT_LOC_STRINGS = NO;
				SWIFT_VERSION = 5.0;
				TARGETED_DEVICE_FAMILY = "1,2";
				TEST_TARGET_NAME = orderOfEvents;
			};
			name = Debug;
		};
		9F0CC11D28D8B1CC000DFEB4 /* Release */ = {
			isa = XCBuildConfiguration;
			buildSettings = {
				ALWAYS_EMBED_SWIFT_STANDARD_LIBRARIES = YES;
				CODE_SIGN_STYLE = Automatic;
				CURRENT_PROJECT_VERSION = 1;
				DEVELOPMENT_TEAM = 9QUPJTJNU5;
				GENERATE_INFOPLIST_FILE = YES;
				MARKETING_VERSION = 1.0;
				PRODUCT_BUNDLE_IDENTIFIER = self.orderOfEventsUITests;
				PRODUCT_NAME = "$(TARGET_NAME)";
				SWIFT_EMIT_LOC_STRINGS = NO;
				SWIFT_VERSION = 5.0;
				TARGETED_DEVICE_FAMILY = "1,2";
				TEST_TARGET_NAME = orderOfEvents;
			};
			name = Release;
		};
/* End XCBuildConfiguration section */

/* Begin XCConfigurationList section */
		9F0CC0E628D8B1CA000DFEB4 /* Build configuration list for PBXProject "orderOfEvents" */ = {
			isa = XCConfigurationList;
			buildConfigurations = (
				9F0CC11328D8B1CC000DFEB4 /* Debug */,
				9F0CC11428D8B1CC000DFEB4 /* Release */,
			);
			defaultConfigurationIsVisible = 0;
			defaultConfigurationName = Release;
		};
		9F0CC11528D8B1CC000DFEB4 /* Build configuration list for PBXNativeTarget "orderOfEvents" */ = {
			isa = XCConfigurationList;
			buildConfigurations = (
				9F0CC11628D8B1CC000DFEB4 /* Debug */,
				9F0CC11728D8B1CC000DFEB4 /* Release */,
			);
			defaultConfigurationIsVisible = 0;
			defaultConfigurationName = Release;
		};
		9F0CC11828D8B1CC000DFEB4 /* Build configuration list for PBXNativeTarget "orderOfEventsTests" */ = {
			isa = XCConfigurationList;
			buildConfigurations = (
				9F0CC11928D8B1CC000DFEB4 /* Debug */,
				9F0CC11A28D8B1CC000DFEB4 /* Release */,
			);
			defaultConfigurationIsVisible = 0;
			defaultConfigurationName = Release;
		};
		9F0CC11B28D8B1CC000DFEB4 /* Build configuration list for PBXNativeTarget "orderOfEventsUITests" */ = {
			isa = XCConfigurationList;
			buildConfigurations = (
				9F0CC11C28D8B1CC000DFEB4 /* Debug */,
				9F0CC11D28D8B1CC000DFEB4 /* Release */,
			);
			defaultConfigurationIsVisible = 0;
			defaultConfigurationName = Release;
		};
/* End XCConfigurationList section */
	};
	rootObject = 9F0CC0E328D8B1CA000DFEB4 /* Project object */;
}
