// !$*UTF8*$!
{
	archiveVersion = 1;
	classes = {
	};
	objectVersion = 56;
	objects = {

/* Begin PBXBuildFile section */
		9F65F035296474E200DD0404 /* AppDelegate.swift in Sources */ = {isa = PBXBuildFile; fileRef = 9F65F034296474E200DD0404 /* AppDelegate.swift */; };
		9F65F037296474E200DD0404 /* SceneDelegate.swift in Sources */ = {isa = PBXBuildFile; fileRef = 9F65F036296474E200DD0404 /* SceneDelegate.swift */; };
		9F65F039296474E200DD0404 /* ViewController.swift in Sources */ = {isa = PBXBuildFile; fileRef = 9F65F038296474E200DD0404 /* ViewController.swift */; };
		9F65F03C296474E200DD0404 /* Main.storyboard in Resources */ = {isa = PBXBuildFile; fileRef = 9F65F03A296474E200DD0404 /* Main.storyboard */; };
		9F65F03E296474E300DD0404 /* Assets.xcassets in Resources */ = {isa = PBXBuildFile; fileRef = 9F65F03D296474E300DD0404 /* Assets.xcassets */; };
		9F65F041296474E300DD0404 /* LaunchScreen.storyboard in Resources */ = {isa = PBXBuildFile; fileRef = 9F65F03F296474E300DD0404 /* LaunchScreen.storyboard */; };
		9F65F04C296474E400DD0404 /* TestsTests.swift in Sources */ = {isa = PBXBuildFile; fileRef = 9F65F04B296474E400DD0404 /* TestsTests.swift */; };
		9F65F056296474E400DD0404 /* TestsUITests.swift in Sources */ = {isa = PBXBuildFile; fileRef = 9F65F055296474E400DD0404 /* TestsUITests.swift */; };
		9F65F058296474E400DD0404 /* TestsUITestsLaunchTests.swift in Sources */ = {isa = PBXBuildFile; fileRef = 9F65F057296474E400DD0404 /* TestsUITestsLaunchTests.swift */; };
		9F65F06629647A8700DD0404 /* Person.swift in Sources */ = {isa = PBXBuildFile; fileRef = 9F65F06429647A8000DD0404 /* Person.swift */; };
		9F65F0682964860900DD0404 /* Even.swift in Sources */ = {isa = PBXBuildFile; fileRef = 9F65F0672964860900DD0404 /* Even.swift */; };
/* End PBXBuildFile section */

/* Begin PBXContainerItemProxy section */
		9F65F048296474E400DD0404 /* PBXContainerItemProxy */ = {
			isa = PBXContainerItemProxy;
			containerPortal = 9F65F029296474E200DD0404 /* Project object */;
			proxyType = 1;
			remoteGlobalIDString = 9F65F030296474E200DD0404;
			remoteInfo = Tests;
		};
		9F65F052296474E400DD0404 /* PBXContainerItemProxy */ = {
			isa = PBXContainerItemProxy;
			containerPortal = 9F65F029296474E200DD0404 /* Project object */;
			proxyType = 1;
			remoteGlobalIDString = 9F65F030296474E200DD0404;
			remoteInfo = Tests;
		};
/* End PBXContainerItemProxy section */

/* Begin PBXFileReference section */
		9F65F031296474E200DD0404 /* Tests.app */ = {isa = PBXFileReference; explicitFileType = wrapper.application; includeInIndex = 0; path = Tests.app; sourceTree = BUILT_PRODUCTS_DIR; };
		9F65F034296474E200DD0404 /* AppDelegate.swift */ = {isa = PBXFileReference; lastKnownFileType = sourcecode.swift; path = AppDelegate.swift; sourceTree = "<group>"; };
		9F65F036296474E200DD0404 /* SceneDelegate.swift */ = {isa = PBXFileReference; lastKnownFileType = sourcecode.swift; path = SceneDelegate.swift; sourceTree = "<group>"; };
		9F65F038296474E200DD0404 /* ViewController.swift */ = {isa = PBXFileReference; lastKnownFileType = sourcecode.swift; path = ViewController.swift; sourceTree = "<group>"; };
		9F65F03B296474E200DD0404 /* Base */ = {isa = PBXFileReference; lastKnownFileType = file.storyboard; name = Base; path = Base.lproj/Main.storyboard; sourceTree = "<group>"; };
		9F65F03D296474E300DD0404 /* Assets.xcassets */ = {isa = PBXFileReference; lastKnownFileType = folder.assetcatalog; path = Assets.xcassets; sourceTree = "<group>"; };
		9F65F040296474E300DD0404 /* Base */ = {isa = PBXFileReference; lastKnownFileType = file.storyboard; name = Base; path = Base.lproj/LaunchScreen.storyboard; sourceTree = "<group>"; };
		9F65F042296474E300DD0404 /* Info.plist */ = {isa = PBXFileReference; lastKnownFileType = text.plist.xml; path = Info.plist; sourceTree = "<group>"; };
		9F65F047296474E400DD0404 /* TestsTests.xctest */ = {isa = PBXFileReference; explicitFileType = wrapper.cfbundle; includeInIndex = 0; path = TestsTests.xctest; sourceTree = BUILT_PRODUCTS_DIR; };
		9F65F04B296474E400DD0404 /* TestsTests.swift */ = {isa = PBXFileReference; lastKnownFileType = sourcecode.swift; path = TestsTests.swift; sourceTree = "<group>"; };
		9F65F051296474E400DD0404 /* TestsUITests.xctest */ = {isa = PBXFileReference; explicitFileType = wrapper.cfbundle; includeInIndex = 0; path = TestsUITests.xctest; sourceTree = BUILT_PRODUCTS_DIR; };
		9F65F055296474E400DD0404 /* TestsUITests.swift */ = {isa = PBXFileReference; lastKnownFileType = sourcecode.swift; path = TestsUITests.swift; sourceTree = "<group>"; };
		9F65F057296474E400DD0404 /* TestsUITestsLaunchTests.swift */ = {isa = PBXFileReference; lastKnownFileType = sourcecode.swift; path = TestsUITestsLaunchTests.swift; sourceTree = "<group>"; };
		9F65F06429647A8000DD0404 /* Person.swift */ = {isa = PBXFileReference; lastKnownFileType = sourcecode.swift; name = Person.swift; path = Tests/Person.swift; sourceTree = SOURCE_ROOT; };
		9F65F0672964860900DD0404 /* Even.swift */ = {isa = PBXFileReference; lastKnownFileType = sourcecode.swift; path = Even.swift; sourceTree = "<group>"; };
/* End PBXFileReference section */

/* Begin PBXFrameworksBuildPhase section */
		9F65F02E296474E200DD0404 /* Frameworks */ = {
			isa = PBXFrameworksBuildPhase;
			buildActionMask = 2147483647;
			files = (
			);
			runOnlyForDeploymentPostprocessing = 0;
		};
		9F65F044296474E400DD0404 /* Frameworks */ = {
			isa = PBXFrameworksBuildPhase;
			buildActionMask = 2147483647;
			files = (
			);
			runOnlyForDeploymentPostprocessing = 0;
		};
		9F65F04E296474E400DD0404 /* Frameworks */ = {
			isa = PBXFrameworksBuildPhase;
			buildActionMask = 2147483647;
			files = (
			);
			runOnlyForDeploymentPostprocessing = 0;
		};
/* End PBXFrameworksBuildPhase section */

/* Begin PBXGroup section */
		9F65F028296474E200DD0404 = {
			isa = PBXGroup;
			children = (
				9F65F033296474E200DD0404 /* Tests */,
				9F65F04A296474E400DD0404 /* TestsTests */,
				9F65F054296474E400DD0404 /* TestsUITests */,
				9F65F032296474E200DD0404 /* Products */,
			);
			sourceTree = "<group>";
		};
		9F65F032296474E200DD0404 /* Products */ = {
			isa = PBXGroup;
			children = (
				9F65F031296474E200DD0404 /* Tests.app */,
				9F65F047296474E400DD0404 /* TestsTests.xctest */,
				9F65F051296474E400DD0404 /* TestsUITests.xctest */,
			);
			name = Products;
			sourceTree = "<group>";
		};
		9F65F033296474E200DD0404 /* Tests */ = {
			isa = PBXGroup;
			children = (
				9F65F034296474E200DD0404 /* AppDelegate.swift */,
				9F65F036296474E200DD0404 /* SceneDelegate.swift */,
				9F65F038296474E200DD0404 /* ViewController.swift */,
				9F65F0672964860900DD0404 /* Even.swift */,
				9F65F03A296474E200DD0404 /* Main.storyboard */,
				9F65F03D296474E300DD0404 /* Assets.xcassets */,
				9F65F03F296474E300DD0404 /* LaunchScreen.storyboard */,
				9F65F06429647A8000DD0404 /* Person.swift */,
				9F65F042296474E300DD0404 /* Info.plist */,
			);
			path = Tests;
			sourceTree = "<group>";
		};
		9F65F04A296474E400DD0404 /* TestsTests */ = {
			isa = PBXGroup;
			children = (
				9F65F04B296474E400DD0404 /* TestsTests.swift */,
			);
			path = TestsTests;
			sourceTree = "<group>";
		};
		9F65F054296474E400DD0404 /* TestsUITests */ = {
			isa = PBXGroup;
			children = (
				9F65F055296474E400DD0404 /* TestsUITests.swift */,
				9F65F057296474E400DD0404 /* TestsUITestsLaunchTests.swift */,
			);
			path = TestsUITests;
			sourceTree = "<group>";
		};
/* End PBXGroup section */

/* Begin PBXNativeTarget section */
		9F65F030296474E200DD0404 /* Tests */ = {
			isa = PBXNativeTarget;
			buildConfigurationList = 9F65F05B296474E400DD0404 /* Build configuration list for PBXNativeTarget "Tests" */;
			buildPhases = (
				9F65F02D296474E200DD0404 /* Sources */,
				9F65F02E296474E200DD0404 /* Frameworks */,
				9F65F02F296474E200DD0404 /* Resources */,
			);
			buildRules = (
			);
			dependencies = (
			);
			name = Tests;
			productName = Tests;
			productReference = 9F65F031296474E200DD0404 /* Tests.app */;
			productType = "com.apple.product-type.application";
		};
		9F65F046296474E400DD0404 /* TestsTests */ = {
			isa = PBXNativeTarget;
			buildConfigurationList = 9F65F05E296474E400DD0404 /* Build configuration list for PBXNativeTarget "TestsTests" */;
			buildPhases = (
				9F65F043296474E400DD0404 /* Sources */,
				9F65F044296474E400DD0404 /* Frameworks */,
				9F65F045296474E400DD0404 /* Resources */,
			);
			buildRules = (
			);
			dependencies = (
				9F65F049296474E400DD0404 /* PBXTargetDependency */,
			);
			name = TestsTests;
			productName = TestsTests;
			productReference = 9F65F047296474E400DD0404 /* TestsTests.xctest */;
			productType = "com.apple.product-type.bundle.unit-test";
		};
		9F65F050296474E400DD0404 /* TestsUITests */ = {
			isa = PBXNativeTarget;
			buildConfigurationList = 9F65F061296474E400DD0404 /* Build configuration list for PBXNativeTarget "TestsUITests" */;
			buildPhases = (
				9F65F04D296474E400DD0404 /* Sources */,
				9F65F04E296474E400DD0404 /* Frameworks */,
				9F65F04F296474E400DD0404 /* Resources */,
			);
			buildRules = (
			);
			dependencies = (
				9F65F053296474E400DD0404 /* PBXTargetDependency */,
			);
			name = TestsUITests;
			productName = TestsUITests;
			productReference = 9F65F051296474E400DD0404 /* TestsUITests.xctest */;
			productType = "com.apple.product-type.bundle.ui-testing";
		};
/* End PBXNativeTarget section */

/* Begin PBXProject section */
		9F65F029296474E200DD0404 /* Project object */ = {
			isa = PBXProject;
			attributes = {
				BuildIndependentTargetsInParallel = 1;
				LastSwiftUpdateCheck = 1420;
				LastUpgradeCheck = 1420;
				TargetAttributes = {
					9F65F030296474E200DD0404 = {
						CreatedOnToolsVersion = 14.2;
					};
					9F65F046296474E400DD0404 = {
						CreatedOnToolsVersion = 14.2;
						TestTargetID = 9F65F030296474E200DD0404;
					};
					9F65F050296474E400DD0404 = {
						CreatedOnToolsVersion = 14.2;
						TestTargetID = 9F65F030296474E200DD0404;
					};
				};
			};
			buildConfigurationList = 9F65F02C296474E200DD0404 /* Build configuration list for PBXProject "Tests" */;
			compatibilityVersion = "Xcode 14.0";
			developmentRegion = en;
			hasScannedForEncodings = 0;
			knownRegions = (
				en,
				Base,
			);
			mainGroup = 9F65F028296474E200DD0404;
			productRefGroup = 9F65F032296474E200DD0404 /* Products */;
			projectDirPath = "";
			projectRoot = "";
			targets = (
				9F65F030296474E200DD0404 /* Tests */,
				9F65F046296474E400DD0404 /* TestsTests */,
				9F65F050296474E400DD0404 /* TestsUITests */,
			);
		};
/* End PBXProject section */

/* Begin PBXResourcesBuildPhase section */
		9F65F02F296474E200DD0404 /* Resources */ = {
			isa = PBXResourcesBuildPhase;
			buildActionMask = 2147483647;
			files = (
				9F65F041296474E300DD0404 /* LaunchScreen.storyboard in Resources */,
				9F65F03E296474E300DD0404 /* Assets.xcassets in Resources */,
				9F65F03C296474E200DD0404 /* Main.storyboard in Resources */,
			);
			runOnlyForDeploymentPostprocessing = 0;
		};
		9F65F045296474E400DD0404 /* Resources */ = {
			isa = PBXResourcesBuildPhase;
			buildActionMask = 2147483647;
			files = (
			);
			runOnlyForDeploymentPostprocessing = 0;
		};
		9F65F04F296474E400DD0404 /* Resources */ = {
			isa = PBXResourcesBuildPhase;
			buildActionMask = 2147483647;
			files = (
			);
			runOnlyForDeploymentPostprocessing = 0;
		};
/* End PBXResourcesBuildPhase section */

/* Begin PBXSourcesBuildPhase section */
		9F65F02D296474E200DD0404 /* Sources */ = {
			isa = PBXSourcesBuildPhase;
			buildActionMask = 2147483647;
			files = (
				9F65F039296474E200DD0404 /* ViewController.swift in Sources */,
				9F65F06629647A8700DD0404 /* Person.swift in Sources */,
				9F65F035296474E200DD0404 /* AppDelegate.swift in Sources */,
				9F65F0682964860900DD0404 /* Even.swift in Sources */,
				9F65F037296474E200DD0404 /* SceneDelegate.swift in Sources */,
			);
			runOnlyForDeploymentPostprocessing = 0;
		};
		9F65F043296474E400DD0404 /* Sources */ = {
			isa = PBXSourcesBuildPhase;
			buildActionMask = 2147483647;
			files = (
				9F65F04C296474E400DD0404 /* TestsTests.swift in Sources */,
			);
			runOnlyForDeploymentPostprocessing = 0;
		};
		9F65F04D296474E400DD0404 /* Sources */ = {
			isa = PBXSourcesBuildPhase;
			buildActionMask = 2147483647;
			files = (
				9F65F058296474E400DD0404 /* TestsUITestsLaunchTests.swift in Sources */,
				9F65F056296474E400DD0404 /* TestsUITests.swift in Sources */,
			);
			runOnlyForDeploymentPostprocessing = 0;
		};
/* End PBXSourcesBuildPhase section */

/* Begin PBXTargetDependency section */
		9F65F049296474E400DD0404 /* PBXTargetDependency */ = {
			isa = PBXTargetDependency;
			target = 9F65F030296474E200DD0404 /* Tests */;
			targetProxy = 9F65F048296474E400DD0404 /* PBXContainerItemProxy */;
		};
		9F65F053296474E400DD0404 /* PBXTargetDependency */ = {
			isa = PBXTargetDependency;
			target = 9F65F030296474E200DD0404 /* Tests */;
			targetProxy = 9F65F052296474E400DD0404 /* PBXContainerItemProxy */;
		};
/* End PBXTargetDependency section */

/* Begin PBXVariantGroup section */
		9F65F03A296474E200DD0404 /* Main.storyboard */ = {
			isa = PBXVariantGroup;
			children = (
				9F65F03B296474E200DD0404 /* Base */,
			);
			name = Main.storyboard;
			sourceTree = "<group>";
		};
		9F65F03F296474E300DD0404 /* LaunchScreen.storyboard */ = {
			isa = PBXVariantGroup;
			children = (
				9F65F040296474E300DD0404 /* Base */,
			);
			name = LaunchScreen.storyboard;
			sourceTree = "<group>";
		};
/* End PBXVariantGroup section */

/* Begin XCBuildConfiguration section */
		9F65F059296474E400DD0404 /* Debug */ = {
			isa = XCBuildConfiguration;
			buildSettings = {
				ALWAYS_SEARCH_USER_PATHS = NO;
				CLANG_ANALYZER_NONNULL = YES;
				CLANG_ANALYZER_NUMBER_OBJECT_CONVERSION = YES_AGGRESSIVE;
				CLANG_CXX_LANGUAGE_STANDARD = "gnu++20";
				CLANG_ENABLE_MODULES = YES;
				CLANG_ENABLE_OBJC_ARC = YES;
				CLANG_ENABLE_OBJC_WEAK = YES;
				CLANG_WARN_BLOCK_CAPTURE_AUTORELEASING = YES;
				CLANG_WARN_BOOL_CONVERSION = YES;
				CLANG_WARN_COMMA = YES;
				CLANG_WARN_CONSTANT_CONVERSION = YES;
				CLANG_WARN_DEPRECATED_OBJC_IMPLEMENTATIONS = YES;
				CLANG_WARN_DIRECT_OBJC_ISA_USAGE = YES_ERROR;
				CLANG_WARN_DOCUMENTATION_COMMENTS = YES;
				CLANG_WARN_EMPTY_BODY = YES;
				CLANG_WARN_ENUM_CONVERSION = YES;
				CLANG_WARN_INFINITE_RECURSION = YES;
				CLANG_WARN_INT_CONVERSION = YES;
				CLANG_WARN_NON_LITERAL_NULL_CONVERSION = YES;
				CLANG_WARN_OBJC_IMPLICIT_RETAIN_SELF = YES;
				CLANG_WARN_OBJC_LITERAL_CONVERSION = YES;
				CLANG_WARN_OBJC_ROOT_CLASS = YES_ERROR;
				CLANG_WARN_QUOTED_INCLUDE_IN_FRAMEWORK_HEADER = YES;
				CLANG_WARN_RANGE_LOOP_ANALYSIS = YES;
				CLANG_WARN_STRICT_PROTOTYPES = YES;
				CLANG_WARN_SUSPICIOUS_MOVE = YES;
				CLANG_WARN_UNGUARDED_AVAILABILITY = YES_AGGRESSIVE;
				CLANG_WARN_UNREACHABLE_CODE = YES;
				CLANG_WARN__DUPLICATE_METHOD_MATCH = YES;
				COPY_PHASE_STRIP = NO;
				DEBUG_INFORMATION_FORMAT = dwarf;
				ENABLE_STRICT_OBJC_MSGSEND = YES;
				ENABLE_TESTABILITY = YES;
				GCC_C_LANGUAGE_STANDARD = gnu11;
				GCC_DYNAMIC_NO_PIC = NO;
				GCC_NO_COMMON_BLOCKS = YES;
				GCC_OPTIMIZATION_LEVEL = 0;
				GCC_PREPROCESSOR_DEFINITIONS = (
					"DEBUG=1",
					"$(inherited)",
				);
				GCC_WARN_64_TO_32_BIT_CONVERSION = YES;
				GCC_WARN_ABOUT_RETURN_TYPE = YES_ERROR;
				GCC_WARN_UNDECLARED_SELECTOR = YES;
				GCC_WARN_UNINITIALIZED_AUTOS = YES_AGGRESSIVE;
				GCC_WARN_UNUSED_FUNCTION = YES;
				GCC_WARN_UNUSED_VARIABLE = YES;
				IPHONEOS_DEPLOYMENT_TARGET = 16.2;
				MTL_ENABLE_DEBUG_INFO = INCLUDE_SOURCE;
				MTL_FAST_MATH = YES;
				ONLY_ACTIVE_ARCH = YES;
				SDKROOT = iphoneos;
				SWIFT_ACTIVE_COMPILATION_CONDITIONS = DEBUG;
				SWIFT_OPTIMIZATION_LEVEL = "-Onone";
			};
			name = Debug;
		};
		9F65F05A296474E400DD0404 /* Release */ = {
			isa = XCBuildConfiguration;
			buildSettings = {
				ALWAYS_SEARCH_USER_PATHS = NO;
				CLANG_ANALYZER_NONNULL = YES;
				CLANG_ANALYZER_NUMBER_OBJECT_CONVERSION = YES_AGGRESSIVE;
				CLANG_CXX_LANGUAGE_STANDARD = "gnu++20";
				CLANG_ENABLE_MODULES = YES;
				CLANG_ENABLE_OBJC_ARC = YES;
				CLANG_ENABLE_OBJC_WEAK = YES;
				CLANG_WARN_BLOCK_CAPTURE_AUTORELEASING = YES;
				CLANG_WARN_BOOL_CONVERSION = YES;
				CLANG_WARN_COMMA = YES;
				CLANG_WARN_CONSTANT_CONVERSION = YES;
				CLANG_WARN_DEPRECATED_OBJC_IMPLEMENTATIONS = YES;
				CLANG_WARN_DIRECT_OBJC_ISA_USAGE = YES_ERROR;
				CLANG_WARN_DOCUMENTATION_COMMENTS = YES;
				CLANG_WARN_EMPTY_BODY = YES;
				CLANG_WARN_ENUM_CONVERSION = YES;
				CLANG_WARN_INFINITE_RECURSION = YES;
				CLANG_WARN_INT_CONVERSION = YES;
				CLANG_WARN_NON_LITERAL_NULL_CONVERSION = YES;
				CLANG_WARN_OBJC_IMPLICIT_RETAIN_SELF = YES;
				CLANG_WARN_OBJC_LITERAL_CONVERSION = YES;
				CLANG_WARN_OBJC_ROOT_CLASS = YES_ERROR;
				CLANG_WARN_QUOTED_INCLUDE_IN_FRAMEWORK_HEADER = YES;
				CLANG_WARN_RANGE_LOOP_ANALYSIS = YES;
				CLANG_WARN_STRICT_PROTOTYPES = YES;
				CLANG_WARN_SUSPICIOUS_MOVE = YES;
				CLANG_WARN_UNGUARDED_AVAILABILITY = YES_AGGRESSIVE;
				CLANG_WARN_UNREACHABLE_CODE = YES;
				CLANG_WARN__DUPLICATE_METHOD_MATCH = YES;
				COPY_PHASE_STRIP = NO;
				DEBUG_INFORMATION_FORMAT = "dwarf-with-dsym";
				ENABLE_NS_ASSERTIONS = NO;
				ENABLE_STRICT_OBJC_MSGSEND = YES;
				GCC_C_LANGUAGE_STANDARD = gnu11;
				GCC_NO_COMMON_BLOCKS = YES;
				GCC_WARN_64_TO_32_BIT_CONVERSION = YES;
				GCC_WARN_ABOUT_RETURN_TYPE = YES_ERROR;
				GCC_WARN_UNDECLARED_SELECTOR = YES;
				GCC_WARN_UNINITIALIZED_AUTOS = YES_AGGRESSIVE;
				GCC_WARN_UNUSED_FUNCTION = YES;
				GCC_WARN_UNUSED_VARIABLE = YES;
				IPHONEOS_DEPLOYMENT_TARGET = 16.2;
				MTL_ENABLE_DEBUG_INFO = NO;
				MTL_FAST_MATH = YES;
				SDKROOT = iphoneos;
				SWIFT_COMPILATION_MODE = wholemodule;
				SWIFT_OPTIMIZATION_LEVEL = "-O";
				VALIDATE_PRODUCT = YES;
			};
			name = Release;
		};
		9F65F05C296474E400DD0404 /* Debug */ = {
			isa = XCBuildConfiguration;
			buildSettings = {
				ASSETCATALOG_COMPILER_APPICON_NAME = AppIcon;
				ASSETCATALOG_COMPILER_GLOBAL_ACCENT_COLOR_NAME = AccentColor;
				CODE_SIGN_STYLE = Automatic;
				CURRENT_PROJECT_VERSION = 1;
				GENERATE_INFOPLIST_FILE = YES;
				INFOPLIST_FILE = Tests/Info.plist;
				INFOPLIST_KEY_UIApplicationSupportsIndirectInputEvents = YES;
				INFOPLIST_KEY_UILaunchStoryboardName = LaunchScreen;
				INFOPLIST_KEY_UIMainStoryboardFile = Main;
				INFOPLIST_KEY_UISupportedInterfaceOrientations_iPad = "UIInterfaceOrientationPortrait UIInterfaceOrientationPortraitUpsideDown UIInterfaceOrientationLandscapeLeft UIInterfaceOrientationLandscapeRight";
				INFOPLIST_KEY_UISupportedInterfaceOrientations_iPhone = "UIInterfaceOrientationPortrait UIInterfaceOrientationLandscapeLeft UIInterfaceOrientationLandscapeRight";
				LD_RUNPATH_SEARCH_PATHS = (
					"$(inherited)",
					"@executable_path/Frameworks",
				);
				MARKETING_VERSION = 1.0;
				PRODUCT_BUNDLE_IDENTIFIER = self.Tests;
				PRODUCT_NAME = "$(TARGET_NAME)";
				SWIFT_EMIT_LOC_STRINGS = YES;
				SWIFT_VERSION = 5.0;
				TARGETED_DEVICE_FAMILY = "1,2";
			};
			name = Debug;
		};
		9F65F05D296474E400DD0404 /* Release */ = {
			isa = XCBuildConfiguration;
			buildSettings = {
				ASSETCATALOG_COMPILER_APPICON_NAME = AppIcon;
				ASSETCATALOG_COMPILER_GLOBAL_ACCENT_COLOR_NAME = AccentColor;
				CODE_SIGN_STYLE = Automatic;
				CURRENT_PROJECT_VERSION = 1;
				GENERATE_INFOPLIST_FILE = YES;
				INFOPLIST_FILE = Tests/Info.plist;
				INFOPLIST_KEY_UIApplicationSupportsIndirectInputEvents = YES;
				INFOPLIST_KEY_UILaunchStoryboardName = LaunchScreen;
				INFOPLIST_KEY_UIMainStoryboardFile = Main;
				INFOPLIST_KEY_UISupportedInterfaceOrientations_iPad = "UIInterfaceOrientationPortrait UIInterfaceOrientationPortraitUpsideDown UIInterfaceOrientationLandscapeLeft UIInterfaceOrientationLandscapeRight";
				INFOPLIST_KEY_UISupportedInterfaceOrientations_iPhone = "UIInterfaceOrientationPortrait UIInterfaceOrientationLandscapeLeft UIInterfaceOrientationLandscapeRight";
				LD_RUNPATH_SEARCH_PATHS = (
					"$(inherited)",
					"@executable_path/Frameworks",
				);
				MARKETING_VERSION = 1.0;
				PRODUCT_BUNDLE_IDENTIFIER = self.Tests;
				PRODUCT_NAME = "$(TARGET_NAME)";
				SWIFT_EMIT_LOC_STRINGS = YES;
				SWIFT_VERSION = 5.0;
				TARGETED_DEVICE_FAMILY = "1,2";
			};
			name = Release;
		};
		9F65F05F296474E400DD0404 /* Debug */ = {
			isa = XCBuildConfiguration;
			buildSettings = {
				ALWAYS_EMBED_SWIFT_STANDARD_LIBRARIES = YES;
				BUNDLE_LOADER = "$(TEST_HOST)";
				CODE_SIGN_STYLE = Automatic;
				CURRENT_PROJECT_VERSION = 1;
				GENERATE_INFOPLIST_FILE = YES;
				IPHONEOS_DEPLOYMENT_TARGET = 16.2;
				MARKETING_VERSION = 1.0;
				PRODUCT_BUNDLE_IDENTIFIER = self.TestsTests;
				PRODUCT_NAME = "$(TARGET_NAME)";
				SWIFT_EMIT_LOC_STRINGS = NO;
				SWIFT_VERSION = 5.0;
				TARGETED_DEVICE_FAMILY = "1,2";
				TEST_HOST = "$(BUILT_PRODUCTS_DIR)/Tests.app/$(BUNDLE_EXECUTABLE_FOLDER_PATH)/Tests";
			};
			name = Debug;
		};
		9F65F060296474E400DD0404 /* Release */ = {
			isa = XCBuildConfiguration;
			buildSettings = {
				ALWAYS_EMBED_SWIFT_STANDARD_LIBRARIES = YES;
				BUNDLE_LOADER = "$(TEST_HOST)";
				CODE_SIGN_STYLE = Automatic;
				CURRENT_PROJECT_VERSION = 1;
				GENERATE_INFOPLIST_FILE = YES;
				IPHONEOS_DEPLOYMENT_TARGET = 16.2;
				MARKETING_VERSION = 1.0;
				PRODUCT_BUNDLE_IDENTIFIER = self.TestsTests;
				PRODUCT_NAME = "$(TARGET_NAME)";
				SWIFT_EMIT_LOC_STRINGS = NO;
				SWIFT_VERSION = 5.0;
				TARGETED_DEVICE_FAMILY = "1,2";
				TEST_HOST = "$(BUILT_PRODUCTS_DIR)/Tests.app/$(BUNDLE_EXECUTABLE_FOLDER_PATH)/Tests";
			};
			name = Release;
		};
		9F65F062296474E400DD0404 /* Debug */ = {
			isa = XCBuildConfiguration;
			buildSettings = {
				ALWAYS_EMBED_SWIFT_STANDARD_LIBRARIES = YES;
				CODE_SIGN_STYLE = Automatic;
				CURRENT_PROJECT_VERSION = 1;
				GENERATE_INFOPLIST_FILE = YES;
				MARKETING_VERSION = 1.0;
				PRODUCT_BUNDLE_IDENTIFIER = self.TestsUITests;
				PRODUCT_NAME = "$(TARGET_NAME)";
				SWIFT_EMIT_LOC_STRINGS = NO;
				SWIFT_VERSION = 5.0;
				TARGETED_DEVICE_FAMILY = "1,2";
				TEST_TARGET_NAME = Tests;
			};
			name = Debug;
		};
		9F65F063296474E400DD0404 /* Release */ = {
			isa = XCBuildConfiguration;
			buildSettings = {
				ALWAYS_EMBED_SWIFT_STANDARD_LIBRARIES = YES;
				CODE_SIGN_STYLE = Automatic;
				CURRENT_PROJECT_VERSION = 1;
				GENERATE_INFOPLIST_FILE = YES;
				MARKETING_VERSION = 1.0;
				PRODUCT_BUNDLE_IDENTIFIER = self.TestsUITests;
				PRODUCT_NAME = "$(TARGET_NAME)";
				SWIFT_EMIT_LOC_STRINGS = NO;
				SWIFT_VERSION = 5.0;
				TARGETED_DEVICE_FAMILY = "1,2";
				TEST_TARGET_NAME = Tests;
			};
			name = Release;
		};
/* End XCBuildConfiguration section */

/* Begin XCConfigurationList section */
		9F65F02C296474E200DD0404 /* Build configuration list for PBXProject "Tests" */ = {
			isa = XCConfigurationList;
			buildConfigurations = (
				9F65F059296474E400DD0404 /* Debug */,
				9F65F05A296474E400DD0404 /* Release */,
			);
			defaultConfigurationIsVisible = 0;
			defaultConfigurationName = Release;
		};
		9F65F05B296474E400DD0404 /* Build configuration list for PBXNativeTarget "Tests" */ = {
			isa = XCConfigurationList;
			buildConfigurations = (
				9F65F05C296474E400DD0404 /* Debug */,
				9F65F05D296474E400DD0404 /* Release */,
			);
			defaultConfigurationIsVisible = 0;
			defaultConfigurationName = Release;
		};
		9F65F05E296474E400DD0404 /* Build configuration list for PBXNativeTarget "TestsTests" */ = {
			isa = XCConfigurationList;
			buildConfigurations = (
				9F65F05F296474E400DD0404 /* Debug */,
				9F65F060296474E400DD0404 /* Release */,
			);
			defaultConfigurationIsVisible = 0;
			defaultConfigurationName = Release;
		};
		9F65F061296474E400DD0404 /* Build configuration list for PBXNativeTarget "TestsUITests" */ = {
			isa = XCConfigurationList;
			buildConfigurations = (
				9F65F062296474E400DD0404 /* Debug */,
				9F65F063296474E400DD0404 /* Release */,
			);
			defaultConfigurationIsVisible = 0;
			defaultConfigurationName = Release;
		};
/* End XCConfigurationList section */
	};
	rootObject = 9F65F029296474E200DD0404 /* Project object */;
}
